// !$*UTF8*$!
{
	archiveVersion = 1;
	classes = {
	};
	objectVersion = 55;
	objects = {

/* Begin PBXBuildFile section */
		2156CEA86B8DFB7BFE3CB8DE /* Pods_PractiseSwiftUI.framework in Frameworks */ = {isa = PBXBuildFile; fileRef = AF3509A31F87B21F5F8D58AD /* Pods_PractiseSwiftUI.framework */; };
		54F53AC692DF782692D7FE5B /* Pods_PractiseSwiftUITests.framework in Frameworks */ = {isa = PBXBuildFile; fileRef = F82233DAD032D5AE7A5BA9F0 /* Pods_PractiseSwiftUITests.framework */; };
		82D58A6797671FCA4538FD67 /* Pods_PractiseSwiftUI_PractiseSwiftUIUITests.framework in Frameworks */ = {isa = PBXBuildFile; fileRef = 9C22B4522498242F56F8D9FB /* Pods_PractiseSwiftUI_PractiseSwiftUIUITests.framework */; };
		EF05C296290E8CE400AB5ADD /* NavigationChapter.swift in Sources */ = {isa = PBXBuildFile; fileRef = EF05C295290E8CE400AB5ADD /* NavigationChapter.swift */; };
		EF05C298290EC1D600AB5ADD /* SheetPresentchapter.swift in Sources */ = {isa = PBXBuildFile; fileRef = EF05C297290EC1D600AB5ADD /* SheetPresentchapter.swift */; };
		EF2A106429096D26002211C6 /* CrazyAnimationTopToButtom.swift in Sources */ = {isa = PBXBuildFile; fileRef = EF2A106329096D26002211C6 /* CrazyAnimationTopToButtom.swift */; };
		EF398F26290D38E6002A7758 /* Restaurant.swift in Sources */ = {isa = PBXBuildFile; fileRef = EF398F25290D38E6002A7758 /* Restaurant.swift */; };
		EF48FC67290FC9510077E0A2 /* Preview Assets.xcassets in Resources */ = {isa = PBXBuildFile; fileRef = EF48FC39290FC9510077E0A2 /* Preview Assets.xcassets */; };
		EF48FC68290FC9510077E0A2 /* AnimalsMock.json in Resources */ = {isa = PBXBuildFile; fileRef = EF48FC3A290FC9510077E0A2 /* AnimalsMock.json */; };
		EF6854F12907CB56004E0FBF /* AppMain.swift in Sources */ = {isa = PBXBuildFile; fileRef = EF6854F02907CB56004E0FBF /* AppMain.swift */; };
		EF6855022907CB57004E0FBF /* PractiseSwiftUITests.swift in Sources */ = {isa = PBXBuildFile; fileRef = EF6855012907CB57004E0FBF /* PractiseSwiftUITests.swift */; };
		EF68550C2907CB57004E0FBF /* PractiseSwiftUIUITests.swift in Sources */ = {isa = PBXBuildFile; fileRef = EF68550B2907CB57004E0FBF /* PractiseSwiftUIUITests.swift */; };
		EF68550E2907CB57004E0FBF /* PractiseSwiftUIUITestsLaunchTests.swift in Sources */ = {isa = PBXBuildFile; fileRef = EF68550D2907CB57004E0FBF /* PractiseSwiftUIUITestsLaunchTests.swift */; };
		EF68551B290807D3004E0FBF /* CardView.swift in Sources */ = {isa = PBXBuildFile; fileRef = EF68551A290807D3004E0FBF /* CardView.swift */; };
		EF6FF9672917AE240038C291 /* AddressFetcher.swift in Sources */ = {isa = PBXBuildFile; fileRef = EF6FF91A2917AE230038C291 /* AddressFetcher.swift */; };
		EF6FF9682917AE240038C291 /* LocationManager.swift in Sources */ = {isa = PBXBuildFile; fileRef = EF6FF91B2917AE230038C291 /* LocationManager.swift */; };
		EF6FF9692917AE240038C291 /* Persistence.swift in Sources */ = {isa = PBXBuildFile; fileRef = EF6FF91E2917AE230038C291 /* Persistence.swift */; };
		EF6FF96A2917AE240038C291 /* PetSave.xcdatamodeld in Sources */ = {isa = PBXBuildFile; fileRef = EF6FF91F2917AE230038C291 /* PetSave.xcdatamodeld */; };
		EF6FF96B2917AE240038C291 /* APIConstants.swift in Sources */ = {isa = PBXBuildFile; fileRef = EF6FF9222917AE230038C291 /* APIConstants.swift */; };
		EF6FF96C2917AE240038C291 /* RequestManager.swift in Sources */ = {isa = PBXBuildFile; fileRef = EF6FF9242917AE240038C291 /* RequestManager.swift */; };
		EF6FF96D2917AE240038C291 /* APIManagerProtocol.swift in Sources */ = {isa = PBXBuildFile; fileRef = EF6FF9252917AE240038C291 /* APIManagerProtocol.swift */; };
		EF6FF96E2917AE240038C291 /* parser.swift in Sources */ = {isa = PBXBuildFile; fileRef = EF6FF9272917AE240038C291 /* parser.swift */; };
		EF6FF96F2917AE240038C291 /* RequestProtocol.swift in Sources */ = {isa = PBXBuildFile; fileRef = EF6FF9282917AE240038C291 /* RequestProtocol.swift */; };
		EF6FF9702917AE240038C291 /* APIToken.swift in Sources */ = {isa = PBXBuildFile; fileRef = EF6FF92A2917AE240038C291 /* APIToken.swift */; };
		EF6FF9712917AE240038C291 /* AuthTokenRequest.swift in Sources */ = {isa = PBXBuildFile; fileRef = EF6FF92D2917AE240038C291 /* AuthTokenRequest.swift */; };
		EF6FF9722917AE240038C291 /* AnimalsContainer.swift in Sources */ = {isa = PBXBuildFile; fileRef = EF6FF92F2917AE240038C291 /* AnimalsContainer.swift */; };
		EF6FF9732917AE240038C291 /* AnimalsRequest.swift in Sources */ = {isa = PBXBuildFile; fileRef = EF6FF9302917AE240038C291 /* AnimalsRequest.swift */; };
		EF6FF9742917AE240038C291 /* RequestType.swift in Sources */ = {isa = PBXBuildFile; fileRef = EF6FF9312917AE240038C291 /* RequestType.swift */; };
		EF6FF9752917AE240038C291 /* NetworkError.swift in Sources */ = {isa = PBXBuildFile; fileRef = EF6FF9322917AE240038C291 /* NetworkError.swift */; };
		EF6FF9762917AE240038C291 /* Organization.swift in Sources */ = {isa = PBXBuildFile; fileRef = EF6FF9362917AE240038C291 /* Organization.swift */; };
		EF6FF9772917AE240038C291 /* User.swift in Sources */ = {isa = PBXBuildFile; fileRef = EF6FF9382917AE240038C291 /* User.swift */; };
		EF6FF9782917AE240038C291 /* APIColors.swift in Sources */ = {isa = PBXBuildFile; fileRef = EF6FF93A2917AE240038C291 /* APIColors.swift */; };
		EF6FF9792917AE240038C291 /* AnimalEnvironment.swift in Sources */ = {isa = PBXBuildFile; fileRef = EF6FF93B2917AE240038C291 /* AnimalEnvironment.swift */; };
		EF6FF97A2917AE240038C291 /* Gender.swift in Sources */ = {isa = PBXBuildFile; fileRef = EF6FF93C2917AE240038C291 /* Gender.swift */; };
		EF6FF97B2917AE240038C291 /* PhotoSizes.swift in Sources */ = {isa = PBXBuildFile; fileRef = EF6FF93D2917AE240038C291 /* PhotoSizes.swift */; };
		EF6FF97C2917AE240038C291 /* AdoptionStatus.swift in Sources */ = {isa = PBXBuildFile; fileRef = EF6FF93E2917AE240038C291 /* AdoptionStatus.swift */; };
		EF6FF97D2917AE240038C291 /* VideoLink.swift in Sources */ = {isa = PBXBuildFile; fileRef = EF6FF93F2917AE240038C291 /* VideoLink.swift */; };
		EF6FF97E2917AE240038C291 /* Details.swift in Sources */ = {isa = PBXBuildFile; fileRef = EF6FF9412917AE240038C291 /* Details.swift */; };
		EF6FF97F2917AE240038C291 /* Size.swift in Sources */ = {isa = PBXBuildFile; fileRef = EF6FF9422917AE240038C291 /* Size.swift */; };
		EF6FF9802917AE240038C291 /* Pagination.swift in Sources */ = {isa = PBXBuildFile; fileRef = EF6FF9432917AE240038C291 /* Pagination.swift */; };
		EF6FF9812917AE240038C291 /* Age.swift in Sources */ = {isa = PBXBuildFile; fileRef = EF6FF9442917AE240038C291 /* Age.swift */; };
		EF6FF9822917AE240038C291 /* Animal.swift in Sources */ = {isa = PBXBuildFile; fileRef = EF6FF9452917AE240038C291 /* Animal.swift */; };
		EF6FF9832917AE240038C291 /* Coat.swift in Sources */ = {isa = PBXBuildFile; fileRef = EF6FF9462917AE240038C291 /* Coat.swift */; };
		EF6FF9842917AE240038C291 /* Breed.swift in Sources */ = {isa = PBXBuildFile; fileRef = EF6FF9472917AE240038C291 /* Breed.swift */; };
		EF6FF9852917AE240038C291 /* AnimalAttributes.swift in Sources */ = {isa = PBXBuildFile; fileRef = EF6FF9482917AE240038C291 /* AnimalAttributes.swift */; };
		EF6FF9862917AE240038C291 /* AnimalsMock.swift in Sources */ = {isa = PBXBuildFile; fileRef = EF6FF9492917AE240038C291 /* AnimalsMock.swift */; };
		EF6FF9872917AE240038C291 /* LaunchScreen.strings in Resources */ = {isa = PBXBuildFile; fileRef = EF6FF94A2917AE240038C291 /* LaunchScreen.strings */; };
		EF6FF9892917AE240038C291 /* AnimalLocationView.swift in Sources */ = {isa = PBXBuildFile; fileRef = EF6FF94F2917AE240038C291 /* AnimalLocationView.swift */; };
		EF6FF98A2917AE240038C291 /* AnimalContactLink.swift in Sources */ = {isa = PBXBuildFile; fileRef = EF6FF9502917AE240038C291 /* AnimalContactLink.swift */; };
		EF6FF98B2917AE240038C291 /* AnimalHeaderView.swift in Sources */ = {isa = PBXBuildFile; fileRef = EF6FF9512917AE240038C291 /* AnimalHeaderView.swift */; };
		EF6FF98C2917AE240038C291 /* AnimalDetailsView.swift in Sources */ = {isa = PBXBuildFile; fileRef = EF6FF9522917AE240038C291 /* AnimalDetailsView.swift */; };
		EF6FF98D2917AE240038C291 /* AnimalDetailCard.swift in Sources */ = {isa = PBXBuildFile; fileRef = EF6FF9532917AE240038C291 /* AnimalDetailCard.swift */; };
		EF6FF98E2917AE240038C291 /* AnimalContactsView.swift in Sources */ = {isa = PBXBuildFile; fileRef = EF6FF9542917AE240038C291 /* AnimalContactsView.swift */; };
		EF6FF98F2917AE240038C291 /* AnimalDetailRow.swift in Sources */ = {isa = PBXBuildFile; fileRef = EF6FF9552917AE240038C291 /* AnimalDetailRow.swift */; };
		EF6FF9902917AE240038C291 /* AnimalsNearYouView.swift in Sources */ = {isa = PBXBuildFile; fileRef = EF6FF9582917AE240038C291 /* AnimalsNearYouView.swift */; };
		EF6FF9912917AE240038C291 /* AnimalRow.swift in Sources */ = {isa = PBXBuildFile; fileRef = EF6FF9592917AE240038C291 /* AnimalRow.swift */; };
		EF6FF9922917AE240038C291 /* LaunchScreen.storyboard in Resources */ = {isa = PBXBuildFile; fileRef = EF6FF95B2917AE240038C291 /* LaunchScreen.storyboard */; };
		EF6FF9932917AE240038C291 /* AnimalSearchType.swift in Sources */ = {isa = PBXBuildFile; fileRef = EF6FF95F2917AE240038C291 /* AnimalSearchType.swift */; };
		EF6FF9942917AE240038C291 /* AnimalSearchAge.swift in Sources */ = {isa = PBXBuildFile; fileRef = EF6FF9602917AE240038C291 /* AnimalSearchAge.swift */; };
		EF6FF9952917AE240038C291 /* SearchView.swift in Sources */ = {isa = PBXBuildFile; fileRef = EF6FF9622917AE240038C291 /* SearchView.swift */; };
		EF6FF9962917AE240038C291 /* AnimalTypeSuggestionView.swift in Sources */ = {isa = PBXBuildFile; fileRef = EF6FF9632917AE240038C291 /* AnimalTypeSuggestionView.swift */; };
		EF6FF9972917AE240038C291 /* EmptyResultsView.swift in Sources */ = {isa = PBXBuildFile; fileRef = EF6FF9642917AE240038C291 /* EmptyResultsView.swift */; };
		EF6FF9982917AE240038C291 /* SuggestionsGrid.swift in Sources */ = {isa = PBXBuildFile; fileRef = EF6FF9652917AE240038C291 /* SuggestionsGrid.swift */; };
		EF6FF9992917AE240038C291 /* ContentView.swift in Sources */ = {isa = PBXBuildFile; fileRef = EF6FF9662917AE240038C291 /* ContentView.swift */; };
		EF6FF99B2917AEB40038C291 /* Assets.xcassets in Resources */ = {isa = PBXBuildFile; fileRef = EF6FF99A2917AEB40038C291 /* Assets.xcassets */; };
		EF6FF99D2917AEE20038C291 /* Assets.xcassets in Resources */ = {isa = PBXBuildFile; fileRef = EF6FF99C2917AEE20038C291 /* Assets.xcassets */; };
/* End PBXBuildFile section */

/* Begin PBXContainerItemProxy section */
		EF6854FE2907CB57004E0FBF /* PBXContainerItemProxy */ = {
			isa = PBXContainerItemProxy;
			containerPortal = EF6854E52907CB56004E0FBF /* Project object */;
			proxyType = 1;
			remoteGlobalIDString = EF6854EC2907CB56004E0FBF;
			remoteInfo = PractiseSwiftUI;
		};
		EF6855082907CB57004E0FBF /* PBXContainerItemProxy */ = {
			isa = PBXContainerItemProxy;
			containerPortal = EF6854E52907CB56004E0FBF /* Project object */;
			proxyType = 1;
			remoteGlobalIDString = EF6854EC2907CB56004E0FBF;
			remoteInfo = PractiseSwiftUI;
		};
/* End PBXContainerItemProxy section */

/* Begin PBXFileReference section */
		2AD30767F3BAF047293634FF /* Pods-PractiseSwiftUI-PractiseSwiftUIUITests.release.xcconfig */ = {isa = PBXFileReference; includeInIndex = 1; lastKnownFileType = text.xcconfig; name = "Pods-PractiseSwiftUI-PractiseSwiftUIUITests.release.xcconfig"; path = "Target Support Files/Pods-PractiseSwiftUI-PractiseSwiftUIUITests/Pods-PractiseSwiftUI-PractiseSwiftUIUITests.release.xcconfig"; sourceTree = "<group>"; };
		2E859558F6F7CCD4622C2E3E /* Pods-PractiseSwiftUI.debug.xcconfig */ = {isa = PBXFileReference; includeInIndex = 1; lastKnownFileType = text.xcconfig; name = "Pods-PractiseSwiftUI.debug.xcconfig"; path = "Target Support Files/Pods-PractiseSwiftUI/Pods-PractiseSwiftUI.debug.xcconfig"; sourceTree = "<group>"; };
		6DF00DB31269EFE4A274B048 /* Pods-PractiseSwiftUI-PractiseSwiftUIUITests.debug.xcconfig */ = {isa = PBXFileReference; includeInIndex = 1; lastKnownFileType = text.xcconfig; name = "Pods-PractiseSwiftUI-PractiseSwiftUIUITests.debug.xcconfig"; path = "Target Support Files/Pods-PractiseSwiftUI-PractiseSwiftUIUITests/Pods-PractiseSwiftUI-PractiseSwiftUIUITests.debug.xcconfig"; sourceTree = "<group>"; };
		9C22B4522498242F56F8D9FB /* Pods_PractiseSwiftUI_PractiseSwiftUIUITests.framework */ = {isa = PBXFileReference; explicitFileType = wrapper.framework; includeInIndex = 0; path = Pods_PractiseSwiftUI_PractiseSwiftUIUITests.framework; sourceTree = BUILT_PRODUCTS_DIR; };
		AA1B3EE90635A78DCE9BC1BF /* Pods-PractiseSwiftUITests.debug.xcconfig */ = {isa = PBXFileReference; includeInIndex = 1; lastKnownFileType = text.xcconfig; name = "Pods-PractiseSwiftUITests.debug.xcconfig"; path = "Target Support Files/Pods-PractiseSwiftUITests/Pods-PractiseSwiftUITests.debug.xcconfig"; sourceTree = "<group>"; };
		AF3509A31F87B21F5F8D58AD /* Pods_PractiseSwiftUI.framework */ = {isa = PBXFileReference; explicitFileType = wrapper.framework; includeInIndex = 0; path = Pods_PractiseSwiftUI.framework; sourceTree = BUILT_PRODUCTS_DIR; };
		C8D19060E6766DA460F64F07 /* Pods-PractiseSwiftUI.release.xcconfig */ = {isa = PBXFileReference; includeInIndex = 1; lastKnownFileType = text.xcconfig; name = "Pods-PractiseSwiftUI.release.xcconfig"; path = "Target Support Files/Pods-PractiseSwiftUI/Pods-PractiseSwiftUI.release.xcconfig"; sourceTree = "<group>"; };
		ED313087432E80A35D1E90DB /* Pods-PractiseSwiftUITests.release.xcconfig */ = {isa = PBXFileReference; includeInIndex = 1; lastKnownFileType = text.xcconfig; name = "Pods-PractiseSwiftUITests.release.xcconfig"; path = "Target Support Files/Pods-PractiseSwiftUITests/Pods-PractiseSwiftUITests.release.xcconfig"; sourceTree = "<group>"; };
		EF05C295290E8CE400AB5ADD /* NavigationChapter.swift */ = {isa = PBXFileReference; lastKnownFileType = sourcecode.swift; path = NavigationChapter.swift; sourceTree = "<group>"; };
		EF05C297290EC1D600AB5ADD /* SheetPresentchapter.swift */ = {isa = PBXFileReference; lastKnownFileType = sourcecode.swift; path = SheetPresentchapter.swift; sourceTree = "<group>"; };
		EF2A106329096D26002211C6 /* CrazyAnimationTopToButtom.swift */ = {isa = PBXFileReference; lastKnownFileType = sourcecode.swift; path = CrazyAnimationTopToButtom.swift; sourceTree = "<group>"; };
		EF398F25290D38E6002A7758 /* Restaurant.swift */ = {isa = PBXFileReference; lastKnownFileType = sourcecode.swift; path = Restaurant.swift; sourceTree = "<group>"; };
		EF48FC39290FC9510077E0A2 /* Preview Assets.xcassets */ = {isa = PBXFileReference; lastKnownFileType = folder.assetcatalog; path = "Preview Assets.xcassets"; sourceTree = "<group>"; };
		EF48FC3A290FC9510077E0A2 /* AnimalsMock.json */ = {isa = PBXFileReference; fileEncoding = 4; lastKnownFileType = text.json; path = AnimalsMock.json; sourceTree = "<group>"; };
		EF48FCDE290FD8020077E0A2 /* Info.plist */ = {isa = PBXFileReference; lastKnownFileType = text.plist; path = Info.plist; sourceTree = "<group>"; };
		EF6854ED2907CB56004E0FBF /* PractiseSwiftUI.app */ = {isa = PBXFileReference; explicitFileType = wrapper.application; includeInIndex = 0; path = PractiseSwiftUI.app; sourceTree = BUILT_PRODUCTS_DIR; };
		EF6854F02907CB56004E0FBF /* AppMain.swift */ = {isa = PBXFileReference; lastKnownFileType = sourcecode.swift; path = AppMain.swift; sourceTree = "<group>"; };
		EF6854FD2907CB57004E0FBF /* PractiseSwiftUITests.xctest */ = {isa = PBXFileReference; explicitFileType = wrapper.cfbundle; includeInIndex = 0; path = PractiseSwiftUITests.xctest; sourceTree = BUILT_PRODUCTS_DIR; };
		EF6855012907CB57004E0FBF /* PractiseSwiftUITests.swift */ = {isa = PBXFileReference; lastKnownFileType = sourcecode.swift; path = PractiseSwiftUITests.swift; sourceTree = "<group>"; };
		EF6855072907CB57004E0FBF /* PractiseSwiftUIUITests.xctest */ = {isa = PBXFileReference; explicitFileType = wrapper.cfbundle; includeInIndex = 0; path = PractiseSwiftUIUITests.xctest; sourceTree = BUILT_PRODUCTS_DIR; };
		EF68550B2907CB57004E0FBF /* PractiseSwiftUIUITests.swift */ = {isa = PBXFileReference; lastKnownFileType = sourcecode.swift; path = PractiseSwiftUIUITests.swift; sourceTree = "<group>"; };
		EF68550D2907CB57004E0FBF /* PractiseSwiftUIUITestsLaunchTests.swift */ = {isa = PBXFileReference; lastKnownFileType = sourcecode.swift; path = PractiseSwiftUIUITestsLaunchTests.swift; sourceTree = "<group>"; };
		EF68551A290807D3004E0FBF /* CardView.swift */ = {isa = PBXFileReference; lastKnownFileType = sourcecode.swift; path = CardView.swift; sourceTree = "<group>"; };
		EF6FF91A2917AE230038C291 /* AddressFetcher.swift */ = {isa = PBXFileReference; fileEncoding = 4; lastKnownFileType = sourcecode.swift; path = AddressFetcher.swift; sourceTree = "<group>"; };
		EF6FF91B2917AE230038C291 /* LocationManager.swift */ = {isa = PBXFileReference; fileEncoding = 4; lastKnownFileType = sourcecode.swift; path = LocationManager.swift; sourceTree = "<group>"; };
		EF6FF91E2917AE230038C291 /* Persistence.swift */ = {isa = PBXFileReference; fileEncoding = 4; lastKnownFileType = sourcecode.swift; path = Persistence.swift; sourceTree = "<group>"; };
		EF6FF9202917AE230038C291 /* PetSave.xcdatamodel */ = {isa = PBXFileReference; lastKnownFileType = wrapper.xcdatamodel; path = PetSave.xcdatamodel; sourceTree = "<group>"; };
		EF6FF9222917AE230038C291 /* APIConstants.swift */ = {isa = PBXFileReference; fileEncoding = 4; lastKnownFileType = sourcecode.swift; path = APIConstants.swift; sourceTree = "<group>"; };
		EF6FF9242917AE240038C291 /* RequestManager.swift */ = {isa = PBXFileReference; fileEncoding = 4; lastKnownFileType = sourcecode.swift; path = RequestManager.swift; sourceTree = "<group>"; };
		EF6FF9252917AE240038C291 /* APIManagerProtocol.swift */ = {isa = PBXFileReference; fileEncoding = 4; lastKnownFileType = sourcecode.swift; path = APIManagerProtocol.swift; sourceTree = "<group>"; };
		EF6FF9272917AE240038C291 /* parser.swift */ = {isa = PBXFileReference; fileEncoding = 4; lastKnownFileType = sourcecode.swift; path = parser.swift; sourceTree = "<group>"; };
		EF6FF9282917AE240038C291 /* RequestProtocol.swift */ = {isa = PBXFileReference; fileEncoding = 4; lastKnownFileType = sourcecode.swift; path = RequestProtocol.swift; sourceTree = "<group>"; };
		EF6FF92A2917AE240038C291 /* APIToken.swift */ = {isa = PBXFileReference; fileEncoding = 4; lastKnownFileType = sourcecode.swift; path = APIToken.swift; sourceTree = "<group>"; };
		EF6FF92D2917AE240038C291 /* AuthTokenRequest.swift */ = {isa = PBXFileReference; fileEncoding = 4; lastKnownFileType = sourcecode.swift; path = AuthTokenRequest.swift; sourceTree = "<group>"; };
		EF6FF92F2917AE240038C291 /* AnimalsContainer.swift */ = {isa = PBXFileReference; fileEncoding = 4; lastKnownFileType = sourcecode.swift; path = AnimalsContainer.swift; sourceTree = "<group>"; };
		EF6FF9302917AE240038C291 /* AnimalsRequest.swift */ = {isa = PBXFileReference; fileEncoding = 4; lastKnownFileType = sourcecode.swift; path = AnimalsRequest.swift; sourceTree = "<group>"; };
		EF6FF9312917AE240038C291 /* RequestType.swift */ = {isa = PBXFileReference; fileEncoding = 4; lastKnownFileType = sourcecode.swift; path = RequestType.swift; sourceTree = "<group>"; };
		EF6FF9322917AE240038C291 /* NetworkError.swift */ = {isa = PBXFileReference; fileEncoding = 4; lastKnownFileType = sourcecode.swift; path = NetworkError.swift; sourceTree = "<group>"; };
		EF6FF9362917AE240038C291 /* Organization.swift */ = {isa = PBXFileReference; fileEncoding = 4; lastKnownFileType = sourcecode.swift; path = Organization.swift; sourceTree = "<group>"; };
		EF6FF9382917AE240038C291 /* User.swift */ = {isa = PBXFileReference; fileEncoding = 4; lastKnownFileType = sourcecode.swift; path = User.swift; sourceTree = "<group>"; };
		EF6FF93A2917AE240038C291 /* APIColors.swift */ = {isa = PBXFileReference; fileEncoding = 4; lastKnownFileType = sourcecode.swift; path = APIColors.swift; sourceTree = "<group>"; };
		EF6FF93B2917AE240038C291 /* AnimalEnvironment.swift */ = {isa = PBXFileReference; fileEncoding = 4; lastKnownFileType = sourcecode.swift; path = AnimalEnvironment.swift; sourceTree = "<group>"; };
		EF6FF93C2917AE240038C291 /* Gender.swift */ = {isa = PBXFileReference; fileEncoding = 4; lastKnownFileType = sourcecode.swift; path = Gender.swift; sourceTree = "<group>"; };
		EF6FF93D2917AE240038C291 /* PhotoSizes.swift */ = {isa = PBXFileReference; fileEncoding = 4; lastKnownFileType = sourcecode.swift; path = PhotoSizes.swift; sourceTree = "<group>"; };
		EF6FF93E2917AE240038C291 /* AdoptionStatus.swift */ = {isa = PBXFileReference; fileEncoding = 4; lastKnownFileType = sourcecode.swift; path = AdoptionStatus.swift; sourceTree = "<group>"; };
		EF6FF93F2917AE240038C291 /* VideoLink.swift */ = {isa = PBXFileReference; fileEncoding = 4; lastKnownFileType = sourcecode.swift; path = VideoLink.swift; sourceTree = "<group>"; };
		EF6FF9412917AE240038C291 /* Details.swift */ = {isa = PBXFileReference; fileEncoding = 4; lastKnownFileType = sourcecode.swift; path = Details.swift; sourceTree = "<group>"; };
		EF6FF9422917AE240038C291 /* Size.swift */ = {isa = PBXFileReference; fileEncoding = 4; lastKnownFileType = sourcecode.swift; path = Size.swift; sourceTree = "<group>"; };
		EF6FF9432917AE240038C291 /* Pagination.swift */ = {isa = PBXFileReference; fileEncoding = 4; lastKnownFileType = sourcecode.swift; path = Pagination.swift; sourceTree = "<group>"; };
		EF6FF9442917AE240038C291 /* Age.swift */ = {isa = PBXFileReference; fileEncoding = 4; lastKnownFileType = sourcecode.swift; path = Age.swift; sourceTree = "<group>"; };
		EF6FF9452917AE240038C291 /* Animal.swift */ = {isa = PBXFileReference; fileEncoding = 4; lastKnownFileType = sourcecode.swift; path = Animal.swift; sourceTree = "<group>"; };
		EF6FF9462917AE240038C291 /* Coat.swift */ = {isa = PBXFileReference; fileEncoding = 4; lastKnownFileType = sourcecode.swift; path = Coat.swift; sourceTree = "<group>"; };
		EF6FF9472917AE240038C291 /* Breed.swift */ = {isa = PBXFileReference; fileEncoding = 4; lastKnownFileType = sourcecode.swift; path = Breed.swift; sourceTree = "<group>"; };
		EF6FF9482917AE240038C291 /* AnimalAttributes.swift */ = {isa = PBXFileReference; fileEncoding = 4; lastKnownFileType = sourcecode.swift; path = AnimalAttributes.swift; sourceTree = "<group>"; };
		EF6FF9492917AE240038C291 /* AnimalsMock.swift */ = {isa = PBXFileReference; fileEncoding = 4; lastKnownFileType = sourcecode.swift; path = AnimalsMock.swift; sourceTree = "<group>"; };
		EF6FF94B2917AE240038C291 /* es */ = {isa = PBXFileReference; lastKnownFileType = text.plist.strings; name = es; path = es.lproj/LaunchScreen.strings; sourceTree = "<group>"; };
		EF6FF94F2917AE240038C291 /* AnimalLocationView.swift */ = {isa = PBXFileReference; fileEncoding = 4; lastKnownFileType = sourcecode.swift; path = AnimalLocationView.swift; sourceTree = "<group>"; };
		EF6FF9502917AE240038C291 /* AnimalContactLink.swift */ = {isa = PBXFileReference; fileEncoding = 4; lastKnownFileType = sourcecode.swift; path = AnimalContactLink.swift; sourceTree = "<group>"; };
		EF6FF9512917AE240038C291 /* AnimalHeaderView.swift */ = {isa = PBXFileReference; fileEncoding = 4; lastKnownFileType = sourcecode.swift; path = AnimalHeaderView.swift; sourceTree = "<group>"; };
		EF6FF9522917AE240038C291 /* AnimalDetailsView.swift */ = {isa = PBXFileReference; fileEncoding = 4; lastKnownFileType = sourcecode.swift; path = AnimalDetailsView.swift; sourceTree = "<group>"; };
		EF6FF9532917AE240038C291 /* AnimalDetailCard.swift */ = {isa = PBXFileReference; fileEncoding = 4; lastKnownFileType = sourcecode.swift; path = AnimalDetailCard.swift; sourceTree = "<group>"; };
		EF6FF9542917AE240038C291 /* AnimalContactsView.swift */ = {isa = PBXFileReference; fileEncoding = 4; lastKnownFileType = sourcecode.swift; path = AnimalContactsView.swift; sourceTree = "<group>"; };
		EF6FF9552917AE240038C291 /* AnimalDetailRow.swift */ = {isa = PBXFileReference; fileEncoding = 4; lastKnownFileType = sourcecode.swift; path = AnimalDetailRow.swift; sourceTree = "<group>"; };
		EF6FF9582917AE240038C291 /* AnimalsNearYouView.swift */ = {isa = PBXFileReference; fileEncoding = 4; lastKnownFileType = sourcecode.swift; path = AnimalsNearYouView.swift; sourceTree = "<group>"; };
		EF6FF9592917AE240038C291 /* AnimalRow.swift */ = {isa = PBXFileReference; fileEncoding = 4; lastKnownFileType = sourcecode.swift; path = AnimalRow.swift; sourceTree = "<group>"; };
		EF6FF95C2917AE240038C291 /* Base */ = {isa = PBXFileReference; lastKnownFileType = file.storyboard; name = Base; path = Base.lproj/LaunchScreen.storyboard; sourceTree = "<group>"; };
		EF6FF95F2917AE240038C291 /* AnimalSearchType.swift */ = {isa = PBXFileReference; fileEncoding = 4; lastKnownFileType = sourcecode.swift; path = AnimalSearchType.swift; sourceTree = "<group>"; };
		EF6FF9602917AE240038C291 /* AnimalSearchAge.swift */ = {isa = PBXFileReference; fileEncoding = 4; lastKnownFileType = sourcecode.swift; path = AnimalSearchAge.swift; sourceTree = "<group>"; };
		EF6FF9622917AE240038C291 /* SearchView.swift */ = {isa = PBXFileReference; fileEncoding = 4; lastKnownFileType = sourcecode.swift; path = SearchView.swift; sourceTree = "<group>"; };
		EF6FF9632917AE240038C291 /* AnimalTypeSuggestionView.swift */ = {isa = PBXFileReference; fileEncoding = 4; lastKnownFileType = sourcecode.swift; path = AnimalTypeSuggestionView.swift; sourceTree = "<group>"; };
		EF6FF9642917AE240038C291 /* EmptyResultsView.swift */ = {isa = PBXFileReference; fileEncoding = 4; lastKnownFileType = sourcecode.swift; path = EmptyResultsView.swift; sourceTree = "<group>"; };
		EF6FF9652917AE240038C291 /* SuggestionsGrid.swift */ = {isa = PBXFileReference; fileEncoding = 4; lastKnownFileType = sourcecode.swift; path = SuggestionsGrid.swift; sourceTree = "<group>"; };
		EF6FF9662917AE240038C291 /* ContentView.swift */ = {isa = PBXFileReference; fileEncoding = 4; lastKnownFileType = sourcecode.swift; path = ContentView.swift; sourceTree = "<group>"; };
		EF6FF99A2917AEB40038C291 /* Assets.xcassets */ = {isa = PBXFileReference; lastKnownFileType = folder.assetcatalog; path = Assets.xcassets; sourceTree = "<group>"; };
		EF6FF99C2917AEE20038C291 /* Assets.xcassets */ = {isa = PBXFileReference; lastKnownFileType = folder.assetcatalog; path = Assets.xcassets; sourceTree = "<group>"; };
		F82233DAD032D5AE7A5BA9F0 /* Pods_PractiseSwiftUITests.framework */ = {isa = PBXFileReference; explicitFileType = wrapper.framework; includeInIndex = 0; path = Pods_PractiseSwiftUITests.framework; sourceTree = BUILT_PRODUCTS_DIR; };
/* End PBXFileReference section */

/* Begin PBXFrameworksBuildPhase section */
		EF6854EA2907CB56004E0FBF /* Frameworks */ = {
			isa = PBXFrameworksBuildPhase;
			buildActionMask = 2147483647;
			files = (
				2156CEA86B8DFB7BFE3CB8DE /* Pods_PractiseSwiftUI.framework in Frameworks */,
			);
			runOnlyForDeploymentPostprocessing = 0;
		};
		EF6854FA2907CB57004E0FBF /* Frameworks */ = {
			isa = PBXFrameworksBuildPhase;
			buildActionMask = 2147483647;
			files = (
				54F53AC692DF782692D7FE5B /* Pods_PractiseSwiftUITests.framework in Frameworks */,
			);
			runOnlyForDeploymentPostprocessing = 0;
		};
		EF6855042907CB57004E0FBF /* Frameworks */ = {
			isa = PBXFrameworksBuildPhase;
			buildActionMask = 2147483647;
			files = (
				82D58A6797671FCA4538FD67 /* Pods_PractiseSwiftUI_PractiseSwiftUIUITests.framework in Frameworks */,
			);
			runOnlyForDeploymentPostprocessing = 0;
		};
/* End PBXFrameworksBuildPhase section */

/* Begin PBXGroup section */
		44F26AB2CC56D39243E6A6E3 /* Pods */ = {
			isa = PBXGroup;
			children = (
				2E859558F6F7CCD4622C2E3E /* Pods-PractiseSwiftUI.debug.xcconfig */,
				C8D19060E6766DA460F64F07 /* Pods-PractiseSwiftUI.release.xcconfig */,
				6DF00DB31269EFE4A274B048 /* Pods-PractiseSwiftUI-PractiseSwiftUIUITests.debug.xcconfig */,
				2AD30767F3BAF047293634FF /* Pods-PractiseSwiftUI-PractiseSwiftUIUITests.release.xcconfig */,
				AA1B3EE90635A78DCE9BC1BF /* Pods-PractiseSwiftUITests.debug.xcconfig */,
				ED313087432E80A35D1E90DB /* Pods-PractiseSwiftUITests.release.xcconfig */,
			);
			path = Pods;
			sourceTree = "<group>";
		};
		C92E812256BD2C3A78121852 /* Frameworks */ = {
			isa = PBXGroup;
			children = (
				AF3509A31F87B21F5F8D58AD /* Pods_PractiseSwiftUI.framework */,
				9C22B4522498242F56F8D9FB /* Pods_PractiseSwiftUI_PractiseSwiftUIUITests.framework */,
				F82233DAD032D5AE7A5BA9F0 /* Pods_PractiseSwiftUITests.framework */,
			);
			name = Frameworks;
			sourceTree = "<group>";
		};
		EF2A106229096CF6002211C6 /* CrazyAnimation */ = {
			isa = PBXGroup;
			children = (
				EF2A106329096D26002211C6 /* CrazyAnimationTopToButtom.swift */,
			);
			path = CrazyAnimation;
			sourceTree = "<group>";
		};
		EF398F24290D38C7002A7758 /* practiceList */ = {
			isa = PBXGroup;
			children = (
				EF398F25290D38E6002A7758 /* Restaurant.swift */,
			);
			path = practiceList;
			sourceTree = "<group>";
		};
		EF48FC05290FB2250077E0A2 /* CardView */ = {
			isa = PBXGroup;
			children = (
				EF68551A290807D3004E0FBF /* CardView.swift */,
				EF05C295290E8CE400AB5ADD /* NavigationChapter.swift */,
				EF05C297290EC1D600AB5ADD /* SheetPresentchapter.swift */,
			);
			path = CardView;
			sourceTree = "<group>";
		};
		EF48FC06290FB2430077E0A2 /* MasteringSwiftUI */ = {
			isa = PBXGroup;
			children = (
				EF398F24290D38C7002A7758 /* practiceList */,
				EF48FC05290FB2250077E0A2 /* CardView */,
			);
			path = MasteringSwiftUI;
			sourceTree = "<group>";
		};
		EF48FC07290FC87A0077E0A2 /* olderProject */ = {
			isa = PBXGroup;
			children = (
				EF2A106229096CF6002211C6 /* CrazyAnimation */,
				EF48FC06290FB2430077E0A2 /* MasteringSwiftUI */,
			);
			path = olderProject;
			sourceTree = "<group>";
		};
		EF48FC38290FC9510077E0A2 /* Preview Content */ = {
			isa = PBXGroup;
			children = (
				EF48FC39290FC9510077E0A2 /* Preview Assets.xcassets */,
			);
			path = "Preview Content";
			sourceTree = "<group>";
		};
		EF6854E42907CB56004E0FBF = {
			isa = PBXGroup;
			children = (
				EF6854EF2907CB56004E0FBF /* PractiseSwiftUI */,
				EF6855002907CB57004E0FBF /* PractiseSwiftUITests */,
				EF68550A2907CB57004E0FBF /* PractiseSwiftUIUITests */,
				EF6854EE2907CB56004E0FBF /* Products */,
				44F26AB2CC56D39243E6A6E3 /* Pods */,
				C92E812256BD2C3A78121852 /* Frameworks */,
			);
			sourceTree = "<group>";
		};
		EF6854EE2907CB56004E0FBF /* Products */ = {
			isa = PBXGroup;
			children = (
				EF6854ED2907CB56004E0FBF /* PractiseSwiftUI.app */,
				EF6854FD2907CB57004E0FBF /* PractiseSwiftUITests.xctest */,
				EF6855072907CB57004E0FBF /* PractiseSwiftUIUITests.xctest */,
			);
			name = Products;
			sourceTree = "<group>";
		};
		EF6854EF2907CB56004E0FBF /* PractiseSwiftUI */ = {
			isa = PBXGroup;
			children = (
				EF6854F02907CB56004E0FBF /* AppMain.swift */,
				EF48FC3A290FC9510077E0A2 /* AnimalsMock.json */,
				EF48FC07290FC87A0077E0A2 /* olderProject */,
				EF48FC38290FC9510077E0A2 /* Preview Content */,
				EF6FF9172917AE230038C291 /* PetSave */,
				EF48FCDE290FD8020077E0A2 /* Info.plist */,
				EF6FF99C2917AEE20038C291 /* Assets.xcassets */,
			);
			path = PractiseSwiftUI;
			sourceTree = "<group>";
		};
		EF6855002907CB57004E0FBF /* PractiseSwiftUITests */ = {
			isa = PBXGroup;
			children = (
				EF6855012907CB57004E0FBF /* PractiseSwiftUITests.swift */,
			);
			path = PractiseSwiftUITests;
			sourceTree = "<group>";
		};
		EF68550A2907CB57004E0FBF /* PractiseSwiftUIUITests */ = {
			isa = PBXGroup;
			children = (
				EF68550B2907CB57004E0FBF /* PractiseSwiftUIUITests.swift */,
				EF68550D2907CB57004E0FBF /* PractiseSwiftUIUITestsLaunchTests.swift */,
			);
			path = PractiseSwiftUIUITests;
			sourceTree = "<group>";
		};
		EF6FF9172917AE230038C291 /* PetSave */ = {
			isa = PBXGroup;
			children = (
				EF6FF99A2917AEB40038C291 /* Assets.xcassets */,
				EF6FF9182917AE230038C291 /* Core */,
				EF6FF94A2917AE240038C291 /* LaunchScreen.strings */,
				EF6FF94D2917AE240038C291 /* AnimalDetails */,
				EF6FF9562917AE240038C291 /* AnimalsNearYou */,
				EF6FF95A2917AE240038C291 /* Preview Content */,
				EF6FF95B2917AE240038C291 /* LaunchScreen.storyboard */,
				EF6FF95D2917AE240038C291 /* Search */,
				EF6FF9662917AE240038C291 /* ContentView.swift */,
			);
			path = PetSave;
			sourceTree = "<group>";
		};
		EF6FF9182917AE230038C291 /* Core */ = {
			isa = PBXGroup;
			children = (
				EF6FF9192917AE230038C291 /* utils */,
				EF6FF91C2917AE230038C291 /* data */,
				EF6FF9332917AE240038C291 /* domain */,
			);
			path = Core;
			sourceTree = "<group>";
		};
		EF6FF9192917AE230038C291 /* utils */ = {
			isa = PBXGroup;
			children = (
				EF6FF91A2917AE230038C291 /* AddressFetcher.swift */,
				EF6FF91B2917AE230038C291 /* LocationManager.swift */,
			);
			path = utils;
			sourceTree = "<group>";
		};
		EF6FF91C2917AE230038C291 /* data */ = {
			isa = PBXGroup;
			children = (
				EF6FF91D2917AE230038C291 /* coreData */,
				EF6FF9212917AE230038C291 /* api */,
			);
			path = data;
			sourceTree = "<group>";
		};
		EF6FF91D2917AE230038C291 /* coreData */ = {
			isa = PBXGroup;
			children = (
				EF6FF91E2917AE230038C291 /* Persistence.swift */,
				EF6FF91F2917AE230038C291 /* PetSave.xcdatamodeld */,
			);
			path = coreData;
			sourceTree = "<group>";
		};
		EF6FF9212917AE230038C291 /* api */ = {
			isa = PBXGroup;
			children = (
				EF6FF9222917AE230038C291 /* APIConstants.swift */,
				EF6FF9232917AE230038C291 /* network */,
				EF6FF9262917AE240038C291 /* parser */,
				EF6FF9282917AE240038C291 /* RequestProtocol.swift */,
				EF6FF9292917AE240038C291 /* model */,
				EF6FF92B2917AE240038C291 /* request */,
				EF6FF9312917AE240038C291 /* RequestType.swift */,
				EF6FF9322917AE240038C291 /* NetworkError.swift */,
			);
			path = api;
			sourceTree = "<group>";
		};
		EF6FF9232917AE230038C291 /* network */ = {
			isa = PBXGroup;
			children = (
				EF6FF9242917AE240038C291 /* RequestManager.swift */,
				EF6FF9252917AE240038C291 /* APIManagerProtocol.swift */,
			);
			path = network;
			sourceTree = "<group>";
		};
		EF6FF9262917AE240038C291 /* parser */ = {
			isa = PBXGroup;
			children = (
				EF6FF9272917AE240038C291 /* parser.swift */,
			);
			path = parser;
			sourceTree = "<group>";
		};
		EF6FF9292917AE240038C291 /* model */ = {
			isa = PBXGroup;
			children = (
				EF6FF92A2917AE240038C291 /* APIToken.swift */,
			);
			path = model;
			sourceTree = "<group>";
		};
		EF6FF92B2917AE240038C291 /* request */ = {
			isa = PBXGroup;
			children = (
				EF6FF92C2917AE240038C291 /* auth */,
				EF6FF92E2917AE240038C291 /* animals */,
			);
			path = request;
			sourceTree = "<group>";
		};
		EF6FF92C2917AE240038C291 /* auth */ = {
			isa = PBXGroup;
			children = (
				EF6FF92D2917AE240038C291 /* AuthTokenRequest.swift */,
			);
			path = auth;
			sourceTree = "<group>";
		};
		EF6FF92E2917AE240038C291 /* animals */ = {
			isa = PBXGroup;
			children = (
				EF6FF92F2917AE240038C291 /* AnimalsContainer.swift */,
				EF6FF9302917AE240038C291 /* AnimalsRequest.swift */,
			);
			path = animals;
			sourceTree = "<group>";
		};
		EF6FF9332917AE240038C291 /* domain */ = {
			isa = PBXGroup;
			children = (
				EF6FF9342917AE240038C291 /* model */,
			);
			path = domain;
			sourceTree = "<group>";
		};
		EF6FF9342917AE240038C291 /* model */ = {
			isa = PBXGroup;
			children = (
				EF6FF9352917AE240038C291 /* organization */,
				EF6FF9372917AE240038C291 /* user */,
				EF6FF9392917AE240038C291 /* animal */,
			);
			path = model;
			sourceTree = "<group>";
		};
		EF6FF9352917AE240038C291 /* organization */ = {
			isa = PBXGroup;
			children = (
				EF6FF9362917AE240038C291 /* Organization.swift */,
			);
			path = organization;
			sourceTree = "<group>";
		};
		EF6FF9372917AE240038C291 /* user */ = {
			isa = PBXGroup;
			children = (
				EF6FF9382917AE240038C291 /* User.swift */,
			);
			path = user;
			sourceTree = "<group>";
		};
		EF6FF9392917AE240038C291 /* animal */ = {
			isa = PBXGroup;
			children = (
				EF6FF93A2917AE240038C291 /* APIColors.swift */,
				EF6FF93B2917AE240038C291 /* AnimalEnvironment.swift */,
				EF6FF93C2917AE240038C291 /* Gender.swift */,
				EF6FF93D2917AE240038C291 /* PhotoSizes.swift */,
				EF6FF93E2917AE240038C291 /* AdoptionStatus.swift */,
				EF6FF93F2917AE240038C291 /* VideoLink.swift */,
				EF6FF9402917AE240038C291 /* details */,
				EF6FF9422917AE240038C291 /* Size.swift */,
				EF6FF9432917AE240038C291 /* Pagination.swift */,
				EF6FF9442917AE240038C291 /* Age.swift */,
				EF6FF9452917AE240038C291 /* Animal.swift */,
				EF6FF9462917AE240038C291 /* Coat.swift */,
				EF6FF9472917AE240038C291 /* Breed.swift */,
				EF6FF9482917AE240038C291 /* AnimalAttributes.swift */,
				EF6FF9492917AE240038C291 /* AnimalsMock.swift */,
			);
			path = animal;
			sourceTree = "<group>";
		};
		EF6FF9402917AE240038C291 /* details */ = {
			isa = PBXGroup;
			children = (
				EF6FF9412917AE240038C291 /* Details.swift */,
			);
			path = details;
			sourceTree = "<group>";
		};
		EF6FF94D2917AE240038C291 /* AnimalDetails */ = {
			isa = PBXGroup;
			children = (
				EF6FF94E2917AE240038C291 /* views */,
			);
			path = AnimalDetails;
			sourceTree = "<group>";
		};
		EF6FF94E2917AE240038C291 /* views */ = {
			isa = PBXGroup;
			children = (
				EF6FF94F2917AE240038C291 /* AnimalLocationView.swift */,
				EF6FF9502917AE240038C291 /* AnimalContactLink.swift */,
				EF6FF9512917AE240038C291 /* AnimalHeaderView.swift */,
				EF6FF9522917AE240038C291 /* AnimalDetailsView.swift */,
				EF6FF9532917AE240038C291 /* AnimalDetailCard.swift */,
				EF6FF9542917AE240038C291 /* AnimalContactsView.swift */,
				EF6FF9552917AE240038C291 /* AnimalDetailRow.swift */,
			);
			path = views;
			sourceTree = "<group>";
		};
		EF6FF9562917AE240038C291 /* AnimalsNearYou */ = {
			isa = PBXGroup;
			children = (
				EF6FF9572917AE240038C291 /* views */,
			);
			path = AnimalsNearYou;
			sourceTree = "<group>";
		};
		EF6FF9572917AE240038C291 /* views */ = {
			isa = PBXGroup;
			children = (
				EF6FF9582917AE240038C291 /* AnimalsNearYouView.swift */,
				EF6FF9592917AE240038C291 /* AnimalRow.swift */,
			);
			path = views;
			sourceTree = "<group>";
		};
		EF6FF95A2917AE240038C291 /* Preview Content */ = {
			isa = PBXGroup;
			children = (
			);
			path = "Preview Content";
			sourceTree = "<group>";
		};
		EF6FF95D2917AE240038C291 /* Search */ = {
			isa = PBXGroup;
			children = (
				EF6FF95E2917AE240038C291 /* models */,
				EF6FF9612917AE240038C291 /* views */,
			);
			path = Search;
			sourceTree = "<group>";
		};
		EF6FF95E2917AE240038C291 /* models */ = {
			isa = PBXGroup;
			children = (
				EF6FF95F2917AE240038C291 /* AnimalSearchType.swift */,
				EF6FF9602917AE240038C291 /* AnimalSearchAge.swift */,
			);
			path = models;
			sourceTree = "<group>";
		};
		EF6FF9612917AE240038C291 /* views */ = {
			isa = PBXGroup;
			children = (
				EF6FF9622917AE240038C291 /* SearchView.swift */,
				EF6FF9632917AE240038C291 /* AnimalTypeSuggestionView.swift */,
				EF6FF9642917AE240038C291 /* EmptyResultsView.swift */,
				EF6FF9652917AE240038C291 /* SuggestionsGrid.swift */,
			);
			path = views;
			sourceTree = "<group>";
		};
/* End PBXGroup section */

/* Begin PBXNativeTarget section */
		EF6854EC2907CB56004E0FBF /* PractiseSwiftUI */ = {
			isa = PBXNativeTarget;
			buildConfigurationList = EF6855112907CB57004E0FBF /* Build configuration list for PBXNativeTarget "PractiseSwiftUI" */;
			buildPhases = (
				C320DA06F9DC0E22E029F9AB /* [CP] Check Pods Manifest.lock */,
				EF6854E92907CB56004E0FBF /* Sources */,
				EF6854EA2907CB56004E0FBF /* Frameworks */,
				EF6854EB2907CB56004E0FBF /* Resources */,
			);
			buildRules = (
			);
			dependencies = (
			);
			name = PractiseSwiftUI;
			productName = PractiseSwiftUI;
			productReference = EF6854ED2907CB56004E0FBF /* PractiseSwiftUI.app */;
			productType = "com.apple.product-type.application";
		};
		EF6854FC2907CB57004E0FBF /* PractiseSwiftUITests */ = {
			isa = PBXNativeTarget;
			buildConfigurationList = EF6855142907CB57004E0FBF /* Build configuration list for PBXNativeTarget "PractiseSwiftUITests" */;
			buildPhases = (
				2884BD2E28D55728EB6F9FEE /* [CP] Check Pods Manifest.lock */,
				EF6854F92907CB57004E0FBF /* Sources */,
				EF6854FA2907CB57004E0FBF /* Frameworks */,
				EF6854FB2907CB57004E0FBF /* Resources */,
			);
			buildRules = (
			);
			dependencies = (
				EF6854FF2907CB57004E0FBF /* PBXTargetDependency */,
			);
			name = PractiseSwiftUITests;
			productName = PractiseSwiftUITests;
			productReference = EF6854FD2907CB57004E0FBF /* PractiseSwiftUITests.xctest */;
			productType = "com.apple.product-type.bundle.unit-test";
		};
		EF6855062907CB57004E0FBF /* PractiseSwiftUIUITests */ = {
			isa = PBXNativeTarget;
			buildConfigurationList = EF6855172907CB57004E0FBF /* Build configuration list for PBXNativeTarget "PractiseSwiftUIUITests" */;
			buildPhases = (
				477CB07EB0E413652154B167 /* [CP] Check Pods Manifest.lock */,
				EF6855032907CB57004E0FBF /* Sources */,
				EF6855042907CB57004E0FBF /* Frameworks */,
				EF6855052907CB57004E0FBF /* Resources */,
			);
			buildRules = (
			);
			dependencies = (
				EF6855092907CB57004E0FBF /* PBXTargetDependency */,
			);
			name = PractiseSwiftUIUITests;
			productName = PractiseSwiftUIUITests;
			productReference = EF6855072907CB57004E0FBF /* PractiseSwiftUIUITests.xctest */;
			productType = "com.apple.product-type.bundle.ui-testing";
		};
/* End PBXNativeTarget section */

/* Begin PBXProject section */
		EF6854E52907CB56004E0FBF /* Project object */ = {
			isa = PBXProject;
			attributes = {
				BuildIndependentTargetsInParallel = 1;
				LastSwiftUpdateCheck = 1400;
				LastUpgradeCheck = 1400;
				TargetAttributes = {
					EF6854EC2907CB56004E0FBF = {
						CreatedOnToolsVersion = 14.0;
					};
					EF6854FC2907CB57004E0FBF = {
						CreatedOnToolsVersion = 14.0;
						TestTargetID = EF6854EC2907CB56004E0FBF;
					};
					EF6855062907CB57004E0FBF = {
						CreatedOnToolsVersion = 14.0;
						TestTargetID = EF6854EC2907CB56004E0FBF;
					};
				};
			};
			buildConfigurationList = EF6854E82907CB56004E0FBF /* Build configuration list for PBXProject "PractiseSwiftUI" */;
			compatibilityVersion = "Xcode 13.0";
			developmentRegion = en;
			hasScannedForEncodings = 0;
			knownRegions = (
				en,
				Base,
				es,
			);
			mainGroup = EF6854E42907CB56004E0FBF;
			productRefGroup = EF6854EE2907CB56004E0FBF /* Products */;
			projectDirPath = "";
			projectRoot = "";
			targets = (
				EF6854EC2907CB56004E0FBF /* PractiseSwiftUI */,
				EF6854FC2907CB57004E0FBF /* PractiseSwiftUITests */,
				EF6855062907CB57004E0FBF /* PractiseSwiftUIUITests */,
			);
		};
/* End PBXProject section */

/* Begin PBXResourcesBuildPhase section */
		EF6854EB2907CB56004E0FBF /* Resources */ = {
			isa = PBXResourcesBuildPhase;
			buildActionMask = 2147483647;
			files = (
				EF48FC67290FC9510077E0A2 /* Preview Assets.xcassets in Resources */,
				EF48FC68290FC9510077E0A2 /* AnimalsMock.json in Resources */,
				EF6FF9922917AE240038C291 /* LaunchScreen.storyboard in Resources */,
				EF6FF99B2917AEB40038C291 /* Assets.xcassets in Resources */,
				EF6FF99D2917AEE20038C291 /* Assets.xcassets in Resources */,
				EF6FF9872917AE240038C291 /* LaunchScreen.strings in Resources */,
			);
			runOnlyForDeploymentPostprocessing = 0;
		};
		EF6854FB2907CB57004E0FBF /* Resources */ = {
			isa = PBXResourcesBuildPhase;
			buildActionMask = 2147483647;
			files = (
			);
			runOnlyForDeploymentPostprocessing = 0;
		};
		EF6855052907CB57004E0FBF /* Resources */ = {
			isa = PBXResourcesBuildPhase;
			buildActionMask = 2147483647;
			files = (
			);
			runOnlyForDeploymentPostprocessing = 0;
		};
/* End PBXResourcesBuildPhase section */

/* Begin PBXShellScriptBuildPhase section */
		2884BD2E28D55728EB6F9FEE /* [CP] Check Pods Manifest.lock */ = {
			isa = PBXShellScriptBuildPhase;
			buildActionMask = 2147483647;
			files = (
			);
			inputFileListPaths = (
			);
			inputPaths = (
				"${PODS_PODFILE_DIR_PATH}/Podfile.lock",
				"${PODS_ROOT}/Manifest.lock",
			);
			name = "[CP] Check Pods Manifest.lock";
			outputFileListPaths = (
			);
			outputPaths = (
				"$(DERIVED_FILE_DIR)/Pods-PractiseSwiftUITests-checkManifestLockResult.txt",
			);
			runOnlyForDeploymentPostprocessing = 0;
			shellPath = /bin/sh;
			shellScript = "diff \"${PODS_PODFILE_DIR_PATH}/Podfile.lock\" \"${PODS_ROOT}/Manifest.lock\" > /dev/null\nif [ $? != 0 ] ; then\n    # print error to STDERR\n    echo \"error: The sandbox is not in sync with the Podfile.lock. Run 'pod install' or update your CocoaPods installation.\" >&2\n    exit 1\nfi\n# This output is used by Xcode 'outputs' to avoid re-running this script phase.\necho \"SUCCESS\" > \"${SCRIPT_OUTPUT_FILE_0}\"\n";
			showEnvVarsInLog = 0;
		};
		477CB07EB0E413652154B167 /* [CP] Check Pods Manifest.lock */ = {
			isa = PBXShellScriptBuildPhase;
			buildActionMask = 2147483647;
			files = (
			);
			inputFileListPaths = (
			);
			inputPaths = (
				"${PODS_PODFILE_DIR_PATH}/Podfile.lock",
				"${PODS_ROOT}/Manifest.lock",
			);
			name = "[CP] Check Pods Manifest.lock";
			outputFileListPaths = (
			);
			outputPaths = (
				"$(DERIVED_FILE_DIR)/Pods-PractiseSwiftUI-PractiseSwiftUIUITests-checkManifestLockResult.txt",
			);
			runOnlyForDeploymentPostprocessing = 0;
			shellPath = /bin/sh;
			shellScript = "diff \"${PODS_PODFILE_DIR_PATH}/Podfile.lock\" \"${PODS_ROOT}/Manifest.lock\" > /dev/null\nif [ $? != 0 ] ; then\n    # print error to STDERR\n    echo \"error: The sandbox is not in sync with the Podfile.lock. Run 'pod install' or update your CocoaPods installation.\" >&2\n    exit 1\nfi\n# This output is used by Xcode 'outputs' to avoid re-running this script phase.\necho \"SUCCESS\" > \"${SCRIPT_OUTPUT_FILE_0}\"\n";
			showEnvVarsInLog = 0;
		};
		C320DA06F9DC0E22E029F9AB /* [CP] Check Pods Manifest.lock */ = {
			isa = PBXShellScriptBuildPhase;
			buildActionMask = 2147483647;
			files = (
			);
			inputFileListPaths = (
			);
			inputPaths = (
				"${PODS_PODFILE_DIR_PATH}/Podfile.lock",
				"${PODS_ROOT}/Manifest.lock",
			);
			name = "[CP] Check Pods Manifest.lock";
			outputFileListPaths = (
			);
			outputPaths = (
				"$(DERIVED_FILE_DIR)/Pods-PractiseSwiftUI-checkManifestLockResult.txt",
			);
			runOnlyForDeploymentPostprocessing = 0;
			shellPath = /bin/sh;
			shellScript = "diff \"${PODS_PODFILE_DIR_PATH}/Podfile.lock\" \"${PODS_ROOT}/Manifest.lock\" > /dev/null\nif [ $? != 0 ] ; then\n    # print error to STDERR\n    echo \"error: The sandbox is not in sync with the Podfile.lock. Run 'pod install' or update your CocoaPods installation.\" >&2\n    exit 1\nfi\n# This output is used by Xcode 'outputs' to avoid re-running this script phase.\necho \"SUCCESS\" > \"${SCRIPT_OUTPUT_FILE_0}\"\n";
			showEnvVarsInLog = 0;
		};
/* End PBXShellScriptBuildPhase section */

/* Begin PBXSourcesBuildPhase section */
		EF6854E92907CB56004E0FBF /* Sources */ = {
			isa = PBXSourcesBuildPhase;
			buildActionMask = 2147483647;
			files = (
				EF6FF9842917AE240038C291 /* Breed.swift in Sources */,
				EF6FF9862917AE240038C291 /* AnimalsMock.swift in Sources */,
				EF6FF96E2917AE240038C291 /* parser.swift in Sources */,
				EF6FF9822917AE240038C291 /* Animal.swift in Sources */,
				EF6FF9692917AE240038C291 /* Persistence.swift in Sources */,
				EF6FF9762917AE240038C291 /* Organization.swift in Sources */,
				EF6FF96B2917AE240038C291 /* APIConstants.swift in Sources */,
				EF6FF9732917AE240038C291 /* AnimalsRequest.swift in Sources */,
				EF05C296290E8CE400AB5ADD /* NavigationChapter.swift in Sources */,
				EF6FF9942917AE240038C291 /* AnimalSearchAge.swift in Sources */,
				EF6FF98C2917AE240038C291 /* AnimalDetailsView.swift in Sources */,
				EF6FF9702917AE240038C291 /* APIToken.swift in Sources */,
				EF6FF9932917AE240038C291 /* AnimalSearchType.swift in Sources */,
				EF6FF96C2917AE240038C291 /* RequestManager.swift in Sources */,
				EF6FF9992917AE240038C291 /* ContentView.swift in Sources */,
				EF6FF97A2917AE240038C291 /* Gender.swift in Sources */,
				EF05C298290EC1D600AB5ADD /* SheetPresentchapter.swift in Sources */,
				EF398F26290D38E6002A7758 /* Restaurant.swift in Sources */,
				EF6FF96D2917AE240038C291 /* APIManagerProtocol.swift in Sources */,
				EF6FF9722917AE240038C291 /* AnimalsContainer.swift in Sources */,
				EF6FF97C2917AE240038C291 /* AdoptionStatus.swift in Sources */,
				EF6FF96A2917AE240038C291 /* PetSave.xcdatamodeld in Sources */,
				EF6FF9972917AE240038C291 /* EmptyResultsView.swift in Sources */,
				EF6FF96F2917AE240038C291 /* RequestProtocol.swift in Sources */,
				EF6FF9782917AE240038C291 /* APIColors.swift in Sources */,
				EF6FF98B2917AE240038C291 /* AnimalHeaderView.swift in Sources */,
				EF6FF97D2917AE240038C291 /* VideoLink.swift in Sources */,
				EF6FF9832917AE240038C291 /* Coat.swift in Sources */,
				EF68551B290807D3004E0FBF /* CardView.swift in Sources */,
				EF6FF9712917AE240038C291 /* AuthTokenRequest.swift in Sources */,
				EF6FF9752917AE240038C291 /* NetworkError.swift in Sources */,
				EF6FF9982917AE240038C291 /* SuggestionsGrid.swift in Sources */,
				EF6FF9802917AE240038C291 /* Pagination.swift in Sources */,
				EF6FF98D2917AE240038C291 /* AnimalDetailCard.swift in Sources */,
				EF6FF9682917AE240038C291 /* LocationManager.swift in Sources */,
				EF6FF97F2917AE240038C291 /* Size.swift in Sources */,
				EF6854F12907CB56004E0FBF /* AppMain.swift in Sources */,
				EF6FF9912917AE240038C291 /* AnimalRow.swift in Sources */,
				EF6FF98F2917AE240038C291 /* AnimalDetailRow.swift in Sources */,
				EF2A106429096D26002211C6 /* CrazyAnimationTopToButtom.swift in Sources */,
				EF6FF98A2917AE240038C291 /* AnimalContactLink.swift in Sources */,
				EF6FF9672917AE240038C291 /* AddressFetcher.swift in Sources */,
				EF6FF9742917AE240038C291 /* RequestType.swift in Sources */,
				EF6FF9952917AE240038C291 /* SearchView.swift in Sources */,
				EF6FF97E2917AE240038C291 /* Details.swift in Sources */,
				EF6FF97B2917AE240038C291 /* PhotoSizes.swift in Sources */,
				EF6FF9812917AE240038C291 /* Age.swift in Sources */,
				EF6FF98E2917AE240038C291 /* AnimalContactsView.swift in Sources */,
				EF6FF9852917AE240038C291 /* AnimalAttributes.swift in Sources */,
				EF6FF9892917AE240038C291 /* AnimalLocationView.swift in Sources */,
				EF6FF9962917AE240038C291 /* AnimalTypeSuggestionView.swift in Sources */,
				EF6FF9772917AE240038C291 /* User.swift in Sources */,
				EF6FF9902917AE240038C291 /* AnimalsNearYouView.swift in Sources */,
				EF6FF9792917AE240038C291 /* AnimalEnvironment.swift in Sources */,
			);
			runOnlyForDeploymentPostprocessing = 0;
		};
		EF6854F92907CB57004E0FBF /* Sources */ = {
			isa = PBXSourcesBuildPhase;
			buildActionMask = 2147483647;
			files = (
				EF6855022907CB57004E0FBF /* PractiseSwiftUITests.swift in Sources */,
			);
			runOnlyForDeploymentPostprocessing = 0;
		};
		EF6855032907CB57004E0FBF /* Sources */ = {
			isa = PBXSourcesBuildPhase;
			buildActionMask = 2147483647;
			files = (
				EF68550C2907CB57004E0FBF /* PractiseSwiftUIUITests.swift in Sources */,
				EF68550E2907CB57004E0FBF /* PractiseSwiftUIUITestsLaunchTests.swift in Sources */,
			);
			runOnlyForDeploymentPostprocessing = 0;
		};
/* End PBXSourcesBuildPhase section */

/* Begin PBXTargetDependency section */
		EF6854FF2907CB57004E0FBF /* PBXTargetDependency */ = {
			isa = PBXTargetDependency;
			target = EF6854EC2907CB56004E0FBF /* PractiseSwiftUI */;
			targetProxy = EF6854FE2907CB57004E0FBF /* PBXContainerItemProxy */;
		};
		EF6855092907CB57004E0FBF /* PBXTargetDependency */ = {
			isa = PBXTargetDependency;
			target = EF6854EC2907CB56004E0FBF /* PractiseSwiftUI */;
			targetProxy = EF6855082907CB57004E0FBF /* PBXContainerItemProxy */;
		};
/* End PBXTargetDependency section */

/* Begin PBXVariantGroup section */
		EF6FF94A2917AE240038C291 /* LaunchScreen.strings */ = {
			isa = PBXVariantGroup;
			children = (
				EF6FF94B2917AE240038C291 /* es */,
			);
			name = LaunchScreen.strings;
			sourceTree = "<group>";
		};
		EF6FF95B2917AE240038C291 /* LaunchScreen.storyboard */ = {
			isa = PBXVariantGroup;
			children = (
				EF6FF95C2917AE240038C291 /* Base */,
			);
			name = LaunchScreen.storyboard;
			sourceTree = "<group>";
		};
/* End PBXVariantGroup section */

/* Begin XCBuildConfiguration section */
		EF68550F2907CB57004E0FBF /* Debug */ = {
			isa = XCBuildConfiguration;
			buildSettings = {
				ALWAYS_SEARCH_USER_PATHS = NO;
				CLANG_ANALYZER_NONNULL = YES;
				CLANG_ANALYZER_NUMBER_OBJECT_CONVERSION = YES_AGGRESSIVE;
				CLANG_CXX_LANGUAGE_STANDARD = "gnu++20";
				CLANG_ENABLE_MODULES = YES;
				CLANG_ENABLE_OBJC_ARC = YES;
				CLANG_ENABLE_OBJC_WEAK = YES;
				CLANG_WARN_BLOCK_CAPTURE_AUTORELEASING = YES;
				CLANG_WARN_BOOL_CONVERSION = YES;
				CLANG_WARN_COMMA = YES;
				CLANG_WARN_CONSTANT_CONVERSION = YES;
				CLANG_WARN_DEPRECATED_OBJC_IMPLEMENTATIONS = YES;
				CLANG_WARN_DIRECT_OBJC_ISA_USAGE = YES_ERROR;
				CLANG_WARN_DOCUMENTATION_COMMENTS = YES;
				CLANG_WARN_EMPTY_BODY = YES;
				CLANG_WARN_ENUM_CONVERSION = YES;
				CLANG_WARN_INFINITE_RECURSION = YES;
				CLANG_WARN_INT_CONVERSION = YES;
				CLANG_WARN_NON_LITERAL_NULL_CONVERSION = YES;
				CLANG_WARN_OBJC_IMPLICIT_RETAIN_SELF = YES;
				CLANG_WARN_OBJC_LITERAL_CONVERSION = YES;
				CLANG_WARN_OBJC_ROOT_CLASS = YES_ERROR;
				CLANG_WARN_QUOTED_INCLUDE_IN_FRAMEWORK_HEADER = YES;
				CLANG_WARN_RANGE_LOOP_ANALYSIS = YES;
				CLANG_WARN_STRICT_PROTOTYPES = YES;
				CLANG_WARN_SUSPICIOUS_MOVE = YES;
				CLANG_WARN_UNGUARDED_AVAILABILITY = YES_AGGRESSIVE;
				CLANG_WARN_UNREACHABLE_CODE = YES;
				CLANG_WARN__DUPLICATE_METHOD_MATCH = YES;
				COPY_PHASE_STRIP = NO;
				DEBUG_INFORMATION_FORMAT = dwarf;
				ENABLE_STRICT_OBJC_MSGSEND = YES;
				ENABLE_TESTABILITY = YES;
				GCC_C_LANGUAGE_STANDARD = gnu11;
				GCC_DYNAMIC_NO_PIC = NO;
				GCC_NO_COMMON_BLOCKS = YES;
				GCC_OPTIMIZATION_LEVEL = 0;
				GCC_PREPROCESSOR_DEFINITIONS = (
					"DEBUG=1",
					"$(inherited)",
				);
				GCC_WARN_64_TO_32_BIT_CONVERSION = YES;
				GCC_WARN_ABOUT_RETURN_TYPE = YES_ERROR;
				GCC_WARN_UNDECLARED_SELECTOR = YES;
				GCC_WARN_UNINITIALIZED_AUTOS = YES_AGGRESSIVE;
				GCC_WARN_UNUSED_FUNCTION = YES;
				GCC_WARN_UNUSED_VARIABLE = YES;
				IPHONEOS_DEPLOYMENT_TARGET = 16.0;
				MTL_ENABLE_DEBUG_INFO = INCLUDE_SOURCE;
				MTL_FAST_MATH = YES;
				ONLY_ACTIVE_ARCH = YES;
				SDKROOT = iphoneos;
				SWIFT_ACTIVE_COMPILATION_CONDITIONS = DEBUG;
				SWIFT_OPTIMIZATION_LEVEL = "-Onone";
			};
			name = Debug;
		};
		EF6855102907CB57004E0FBF /* Release */ = {
			isa = XCBuildConfiguration;
			buildSettings = {
				ALWAYS_SEARCH_USER_PATHS = NO;
				CLANG_ANALYZER_NONNULL = YES;
				CLANG_ANALYZER_NUMBER_OBJECT_CONVERSION = YES_AGGRESSIVE;
				CLANG_CXX_LANGUAGE_STANDARD = "gnu++20";
				CLANG_ENABLE_MODULES = YES;
				CLANG_ENABLE_OBJC_ARC = YES;
				CLANG_ENABLE_OBJC_WEAK = YES;
				CLANG_WARN_BLOCK_CAPTURE_AUTORELEASING = YES;
				CLANG_WARN_BOOL_CONVERSION = YES;
				CLANG_WARN_COMMA = YES;
				CLANG_WARN_CONSTANT_CONVERSION = YES;
				CLANG_WARN_DEPRECATED_OBJC_IMPLEMENTATIONS = YES;
				CLANG_WARN_DIRECT_OBJC_ISA_USAGE = YES_ERROR;
				CLANG_WARN_DOCUMENTATION_COMMENTS = YES;
				CLANG_WARN_EMPTY_BODY = YES;
				CLANG_WARN_ENUM_CONVERSION = YES;
				CLANG_WARN_INFINITE_RECURSION = YES;
				CLANG_WARN_INT_CONVERSION = YES;
				CLANG_WARN_NON_LITERAL_NULL_CONVERSION = YES;
				CLANG_WARN_OBJC_IMPLICIT_RETAIN_SELF = YES;
				CLANG_WARN_OBJC_LITERAL_CONVERSION = YES;
				CLANG_WARN_OBJC_ROOT_CLASS = YES_ERROR;
				CLANG_WARN_QUOTED_INCLUDE_IN_FRAMEWORK_HEADER = YES;
				CLANG_WARN_RANGE_LOOP_ANALYSIS = YES;
				CLANG_WARN_STRICT_PROTOTYPES = YES;
				CLANG_WARN_SUSPICIOUS_MOVE = YES;
				CLANG_WARN_UNGUARDED_AVAILABILITY = YES_AGGRESSIVE;
				CLANG_WARN_UNREACHABLE_CODE = YES;
				CLANG_WARN__DUPLICATE_METHOD_MATCH = YES;
				COPY_PHASE_STRIP = NO;
				DEBUG_INFORMATION_FORMAT = "dwarf-with-dsym";
				ENABLE_NS_ASSERTIONS = NO;
				ENABLE_STRICT_OBJC_MSGSEND = YES;
				GCC_C_LANGUAGE_STANDARD = gnu11;
				GCC_NO_COMMON_BLOCKS = YES;
				GCC_WARN_64_TO_32_BIT_CONVERSION = YES;
				GCC_WARN_ABOUT_RETURN_TYPE = YES_ERROR;
				GCC_WARN_UNDECLARED_SELECTOR = YES;
				GCC_WARN_UNINITIALIZED_AUTOS = YES_AGGRESSIVE;
				GCC_WARN_UNUSED_FUNCTION = YES;
				GCC_WARN_UNUSED_VARIABLE = YES;
				IPHONEOS_DEPLOYMENT_TARGET = 16.0;
				MTL_ENABLE_DEBUG_INFO = NO;
				MTL_FAST_MATH = YES;
				SDKROOT = iphoneos;
				SWIFT_COMPILATION_MODE = wholemodule;
				SWIFT_OPTIMIZATION_LEVEL = "-O";
				VALIDATE_PRODUCT = YES;
			};
			name = Release;
		};
		EF6855122907CB57004E0FBF /* Debug */ = {
			isa = XCBuildConfiguration;
			baseConfigurationReference = 2E859558F6F7CCD4622C2E3E /* Pods-PractiseSwiftUI.debug.xcconfig */;
			buildSettings = {
				ASSETCATALOG_COMPILER_APPICON_NAME = AppIcon;
				ASSETCATALOG_COMPILER_GLOBAL_ACCENT_COLOR_NAME = AccentColor;
				CODE_SIGN_STYLE = Automatic;
				CURRENT_PROJECT_VERSION = 1;
				DEVELOPMENT_ASSET_PATHS = "\"PractiseSwiftUI/Preview Content\"";
				DEVELOPMENT_TEAM = AJ7MW2XDAX;
				ENABLE_HARDENED_RUNTIME = NO;
				ENABLE_PREVIEWS = YES;
				GENERATE_INFOPLIST_FILE = YES;
				INFOPLIST_FILE = PractiseSwiftUI/Info.plist;
				INFOPLIST_KEY_NSLocationWhenInUseUsageDescription = "PetSave uses your location to find animals near you.";
				INFOPLIST_KEY_UIApplicationSupportsIndirectInputEvents = YES;
				INFOPLIST_KEY_UILaunchScreen_Generation = YES;
				INFOPLIST_KEY_UILaunchStoryboardName = LaunchScreen;
				INFOPLIST_KEY_UIStatusBarHidden = YES;
				INFOPLIST_KEY_UISupportedInterfaceOrientations_iPad = "UIInterfaceOrientationPortrait UIInterfaceOrientationPortraitUpsideDown UIInterfaceOrientationLandscapeLeft UIInterfaceOrientationLandscapeRight";
				INFOPLIST_KEY_UISupportedInterfaceOrientations_iPhone = "UIInterfaceOrientationPortrait UIInterfaceOrientationLandscapeLeft UIInterfaceOrientationLandscapeRight";
				IPHONEOS_DEPLOYMENT_TARGET = 15.0;
				LD_RUNPATH_SEARCH_PATHS = (
					"$(inherited)",
					"@executable_path/Frameworks",
				);
				MARKETING_VERSION = 1.0;
				PRODUCT_BUNDLE_IDENTIFIER = com.myself.practiseSwiftUI.PractiseSwiftUI;
				PRODUCT_NAME = "$(TARGET_NAME)";
				SWIFT_EMIT_LOC_STRINGS = YES;
				SWIFT_VERSION = 5.0;
				TARGETED_DEVICE_FAMILY = "1,2";
			};
			name = Debug;
		};
		EF6855132907CB57004E0FBF /* Release */ = {
			isa = XCBuildConfiguration;
			baseConfigurationReference = C8D19060E6766DA460F64F07 /* Pods-PractiseSwiftUI.release.xcconfig */;
			buildSettings = {
				ASSETCATALOG_COMPILER_APPICON_NAME = AppIcon;
				ASSETCATALOG_COMPILER_GLOBAL_ACCENT_COLOR_NAME = AccentColor;
				CODE_SIGN_STYLE = Automatic;
				CURRENT_PROJECT_VERSION = 1;
				DEVELOPMENT_ASSET_PATHS = "\"PractiseSwiftUI/Preview Content\"";
				DEVELOPMENT_TEAM = AJ7MW2XDAX;
				ENABLE_HARDENED_RUNTIME = NO;
				ENABLE_PREVIEWS = YES;
				GENERATE_INFOPLIST_FILE = YES;
				INFOPLIST_FILE = PractiseSwiftUI/Info.plist;
				INFOPLIST_KEY_NSLocationWhenInUseUsageDescription = "PetSave uses your location to find animals near you.";
				INFOPLIST_KEY_UIApplicationSupportsIndirectInputEvents = YES;
				INFOPLIST_KEY_UILaunchScreen_Generation = YES;
				INFOPLIST_KEY_UILaunchStoryboardName = LaunchScreen;
				INFOPLIST_KEY_UIStatusBarHidden = YES;
				INFOPLIST_KEY_UISupportedInterfaceOrientations_iPad = "UIInterfaceOrientationPortrait UIInterfaceOrientationPortraitUpsideDown UIInterfaceOrientationLandscapeLeft UIInterfaceOrientationLandscapeRight";
				INFOPLIST_KEY_UISupportedInterfaceOrientations_iPhone = "UIInterfaceOrientationPortrait UIInterfaceOrientationLandscapeLeft UIInterfaceOrientationLandscapeRight";
				IPHONEOS_DEPLOYMENT_TARGET = 15.0;
				LD_RUNPATH_SEARCH_PATHS = (
					"$(inherited)",
					"@executable_path/Frameworks",
				);
				MARKETING_VERSION = 1.0;
				PRODUCT_BUNDLE_IDENTIFIER = com.myself.practiseSwiftUI.PractiseSwiftUI;
				PRODUCT_NAME = "$(TARGET_NAME)";
				SWIFT_EMIT_LOC_STRINGS = YES;
				SWIFT_VERSION = 5.0;
				TARGETED_DEVICE_FAMILY = "1,2";
			};
			name = Release;
		};
		EF6855152907CB57004E0FBF /* Debug */ = {
			isa = XCBuildConfiguration;
			baseConfigurationReference = AA1B3EE90635A78DCE9BC1BF /* Pods-PractiseSwiftUITests.debug.xcconfig */;
			buildSettings = {
				ALWAYS_EMBED_SWIFT_STANDARD_LIBRARIES = YES;
				BUNDLE_LOADER = "$(TEST_HOST)";
				CODE_SIGN_STYLE = Automatic;
				CURRENT_PROJECT_VERSION = 1;
				DEVELOPMENT_TEAM = AJ7MW2XDAX;
				GENERATE_INFOPLIST_FILE = YES;
				IPHONEOS_DEPLOYMENT_TARGET = 16.0;
				MARKETING_VERSION = 1.0;
				PRODUCT_BUNDLE_IDENTIFIER = com.myself.practiseSwiftUI.PractiseSwiftUITests;
				PRODUCT_NAME = "$(TARGET_NAME)";
				SWIFT_EMIT_LOC_STRINGS = NO;
				SWIFT_VERSION = 5.0;
				TARGETED_DEVICE_FAMILY = "1,2";
				TEST_HOST = "$(BUILT_PRODUCTS_DIR)/PractiseSwiftUI.app/$(BUNDLE_EXECUTABLE_FOLDER_PATH)/PractiseSwiftUI";
			};
			name = Debug;
		};
		EF6855162907CB57004E0FBF /* Release */ = {
			isa = XCBuildConfiguration;
			baseConfigurationReference = ED313087432E80A35D1E90DB /* Pods-PractiseSwiftUITests.release.xcconfig */;
			buildSettings = {
				ALWAYS_EMBED_SWIFT_STANDARD_LIBRARIES = YES;
				BUNDLE_LOADER = "$(TEST_HOST)";
				CODE_SIGN_STYLE = Automatic;
				CURRENT_PROJECT_VERSION = 1;
				DEVELOPMENT_TEAM = AJ7MW2XDAX;
				GENERATE_INFOPLIST_FILE = YES;
				IPHONEOS_DEPLOYMENT_TARGET = 16.0;
				MARKETING_VERSION = 1.0;
				PRODUCT_BUNDLE_IDENTIFIER = com.myself.practiseSwiftUI.PractiseSwiftUITests;
				PRODUCT_NAME = "$(TARGET_NAME)";
				SWIFT_EMIT_LOC_STRINGS = NO;
				SWIFT_VERSION = 5.0;
				TARGETED_DEVICE_FAMILY = "1,2";
				TEST_HOST = "$(BUILT_PRODUCTS_DIR)/PractiseSwiftUI.app/$(BUNDLE_EXECUTABLE_FOLDER_PATH)/PractiseSwiftUI";
			};
			name = Release;
		};
		EF6855182907CB57004E0FBF /* Debug */ = {
			isa = XCBuildConfiguration;
			baseConfigurationReference = 6DF00DB31269EFE4A274B048 /* Pods-PractiseSwiftUI-PractiseSwiftUIUITests.debug.xcconfig */;
			buildSettings = {
				ALWAYS_EMBED_SWIFT_STANDARD_LIBRARIES = YES;
				CODE_SIGN_STYLE = Automatic;
				CURRENT_PROJECT_VERSION = 1;
				DEVELOPMENT_TEAM = AJ7MW2XDAX;
				GENERATE_INFOPLIST_FILE = YES;
				MARKETING_VERSION = 1.0;
				PRODUCT_BUNDLE_IDENTIFIER = com.myself.practiseSwiftUI.PractiseSwiftUIUITests;
				PRODUCT_NAME = "$(TARGET_NAME)";
				SWIFT_EMIT_LOC_STRINGS = NO;
				SWIFT_VERSION = 5.0;
				TARGETED_DEVICE_FAMILY = "1,2";
				TEST_TARGET_NAME = PractiseSwiftUI;
			};
			name = Debug;
		};
		EF6855192907CB57004E0FBF /* Release */ = {
			isa = XCBuildConfiguration;
			baseConfigurationReference = 2AD30767F3BAF047293634FF /* Pods-PractiseSwiftUI-PractiseSwiftUIUITests.release.xcconfig */;
			buildSettings = {
				ALWAYS_EMBED_SWIFT_STANDARD_LIBRARIES = YES;
				CODE_SIGN_STYLE = Automatic;
				CURRENT_PROJECT_VERSION = 1;
				DEVELOPMENT_TEAM = AJ7MW2XDAX;
				GENERATE_INFOPLIST_FILE = YES;
				MARKETING_VERSION = 1.0;
				PRODUCT_BUNDLE_IDENTIFIER = com.myself.practiseSwiftUI.PractiseSwiftUIUITests;
				PRODUCT_NAME = "$(TARGET_NAME)";
				SWIFT_EMIT_LOC_STRINGS = NO;
				SWIFT_VERSION = 5.0;
				TARGETED_DEVICE_FAMILY = "1,2";
				TEST_TARGET_NAME = PractiseSwiftUI;
			};
			name = Release;
		};
/* End XCBuildConfiguration section */

/* Begin XCConfigurationList section */
		EF6854E82907CB56004E0FBF /* Build configuration list for PBXProject "PractiseSwiftUI" */ = {
			isa = XCConfigurationList;
			buildConfigurations = (
				EF68550F2907CB57004E0FBF /* Debug */,
				EF6855102907CB57004E0FBF /* Release */,
			);
			defaultConfigurationIsVisible = 0;
			defaultConfigurationName = Release;
		};
		EF6855112907CB57004E0FBF /* Build configuration list for PBXNativeTarget "PractiseSwiftUI" */ = {
			isa = XCConfigurationList;
			buildConfigurations = (
				EF6855122907CB57004E0FBF /* Debug */,
				EF6855132907CB57004E0FBF /* Release */,
			);
			defaultConfigurationIsVisible = 0;
			defaultConfigurationName = Release;
		};
		EF6855142907CB57004E0FBF /* Build configuration list for PBXNativeTarget "PractiseSwiftUITests" */ = {
			isa = XCConfigurationList;
			buildConfigurations = (
				EF6855152907CB57004E0FBF /* Debug */,
				EF6855162907CB57004E0FBF /* Release */,
			);
			defaultConfigurationIsVisible = 0;
			defaultConfigurationName = Release;
		};
		EF6855172907CB57004E0FBF /* Build configuration list for PBXNativeTarget "PractiseSwiftUIUITests" */ = {
			isa = XCConfigurationList;
			buildConfigurations = (
				EF6855182907CB57004E0FBF /* Debug */,
				EF6855192907CB57004E0FBF /* Release */,
			);
			defaultConfigurationIsVisible = 0;
			defaultConfigurationName = Release;
		};
/* End XCConfigurationList section */

/* Begin XCVersionGroup section */
		EF6FF91F2917AE230038C291 /* PetSave.xcdatamodeld */ = {
			isa = XCVersionGroup;
			children = (
				EF6FF9202917AE230038C291 /* PetSave.xcdatamodel */,
			);
			currentVersion = EF6FF9202917AE230038C291 /* PetSave.xcdatamodel */;
			path = PetSave.xcdatamodeld;
			sourceTree = "<group>";
			versionGroupType = wrapper.xcdatamodel;
		};
/* End XCVersionGroup section */
	};
	rootObject = EF6854E52907CB56004E0FBF /* Project object */;
}
