// !$*UTF8*$!
{
	archiveVersion = 1;
	classes = {
	};
	objectVersion = 55;
	objects = {

/* Begin PBXBuildFile section */
		2156CEA86B8DFB7BFE3CB8DE /* Pods_PractiseSwiftUI.framework in Frameworks */ = {isa = PBXBuildFile; fileRef = AF3509A31F87B21F5F8D58AD /* Pods_PractiseSwiftUI.framework */; };
		54F53AC692DF782692D7FE5B /* Pods_PractiseSwiftUITests.framework in Frameworks */ = {isa = PBXBuildFile; fileRef = F82233DAD032D5AE7A5BA9F0 /* Pods_PractiseSwiftUITests.framework */; };
		82D58A6797671FCA4538FD67 /* Pods_PractiseSwiftUI_PractiseSwiftUIUITests.framework in Frameworks */ = {isa = PBXBuildFile; fileRef = 9C22B4522498242F56F8D9FB /* Pods_PractiseSwiftUI_PractiseSwiftUIUITests.framework */; };
		EF05C296290E8CE400AB5ADD /* NavigationChapter.swift in Sources */ = {isa = PBXBuildFile; fileRef = EF05C295290E8CE400AB5ADD /* NavigationChapter.swift */; };
		EF05C298290EC1D600AB5ADD /* SheetPresentchapter.swift in Sources */ = {isa = PBXBuildFile; fileRef = EF05C297290EC1D600AB5ADD /* SheetPresentchapter.swift */; };
		EF2A105F290922D0002211C6 /* Network.swift in Sources */ = {isa = PBXBuildFile; fileRef = EF2A105E290922D0002211C6 /* Network.swift */; };
		EF2A106129092457002211C6 /* UploadData.swift in Sources */ = {isa = PBXBuildFile; fileRef = EF2A106029092457002211C6 /* UploadData.swift */; };
		EF2A106429096D26002211C6 /* CrazyAnimationTopToButtom.swift in Sources */ = {isa = PBXBuildFile; fileRef = EF2A106329096D26002211C6 /* CrazyAnimationTopToButtom.swift */; };
		EF398F26290D38E6002A7758 /* Restaurant.swift in Sources */ = {isa = PBXBuildFile; fileRef = EF398F25290D38E6002A7758 /* Restaurant.swift */; };
		EF6854F12907CB56004E0FBF /* PractiseSwiftUIApp.swift in Sources */ = {isa = PBXBuildFile; fileRef = EF6854F02907CB56004E0FBF /* PractiseSwiftUIApp.swift */; };
		EF6854F32907CB56004E0FBF /* ContentView.swift in Sources */ = {isa = PBXBuildFile; fileRef = EF6854F22907CB56004E0FBF /* ContentView.swift */; };
		EF6854F52907CB57004E0FBF /* Assets.xcassets in Resources */ = {isa = PBXBuildFile; fileRef = EF6854F42907CB57004E0FBF /* Assets.xcassets */; };
		EF6854F82907CB57004E0FBF /* Preview Assets.xcassets in Resources */ = {isa = PBXBuildFile; fileRef = EF6854F72907CB57004E0FBF /* Preview Assets.xcassets */; };
		EF6855022907CB57004E0FBF /* PractiseSwiftUITests.swift in Sources */ = {isa = PBXBuildFile; fileRef = EF6855012907CB57004E0FBF /* PractiseSwiftUITests.swift */; };
		EF68550C2907CB57004E0FBF /* PractiseSwiftUIUITests.swift in Sources */ = {isa = PBXBuildFile; fileRef = EF68550B2907CB57004E0FBF /* PractiseSwiftUIUITests.swift */; };
		EF68550E2907CB57004E0FBF /* PractiseSwiftUIUITestsLaunchTests.swift in Sources */ = {isa = PBXBuildFile; fileRef = EF68550D2907CB57004E0FBF /* PractiseSwiftUIUITestsLaunchTests.swift */; };
		EF68551B290807D3004E0FBF /* CardView.swift in Sources */ = {isa = PBXBuildFile; fileRef = EF68551A290807D3004E0FBF /* CardView.swift */; };
/* End PBXBuildFile section */

/* Begin PBXContainerItemProxy section */
		EF6854FE2907CB57004E0FBF /* PBXContainerItemProxy */ = {
			isa = PBXContainerItemProxy;
			containerPortal = EF6854E52907CB56004E0FBF /* Project object */;
			proxyType = 1;
			remoteGlobalIDString = EF6854EC2907CB56004E0FBF;
			remoteInfo = PractiseSwiftUI;
		};
		EF6855082907CB57004E0FBF /* PBXContainerItemProxy */ = {
			isa = PBXContainerItemProxy;
			containerPortal = EF6854E52907CB56004E0FBF /* Project object */;
			proxyType = 1;
			remoteGlobalIDString = EF6854EC2907CB56004E0FBF;
			remoteInfo = PractiseSwiftUI;
		};
/* End PBXContainerItemProxy section */

/* Begin PBXFileReference section */
		2AD30767F3BAF047293634FF /* Pods-PractiseSwiftUI-PractiseSwiftUIUITests.release.xcconfig */ = {isa = PBXFileReference; includeInIndex = 1; lastKnownFileType = text.xcconfig; name = "Pods-PractiseSwiftUI-PractiseSwiftUIUITests.release.xcconfig"; path = "Target Support Files/Pods-PractiseSwiftUI-PractiseSwiftUIUITests/Pods-PractiseSwiftUI-PractiseSwiftUIUITests.release.xcconfig"; sourceTree = "<group>"; };
		2E859558F6F7CCD4622C2E3E /* Pods-PractiseSwiftUI.debug.xcconfig */ = {isa = PBXFileReference; includeInIndex = 1; lastKnownFileType = text.xcconfig; name = "Pods-PractiseSwiftUI.debug.xcconfig"; path = "Target Support Files/Pods-PractiseSwiftUI/Pods-PractiseSwiftUI.debug.xcconfig"; sourceTree = "<group>"; };
		6DF00DB31269EFE4A274B048 /* Pods-PractiseSwiftUI-PractiseSwiftUIUITests.debug.xcconfig */ = {isa = PBXFileReference; includeInIndex = 1; lastKnownFileType = text.xcconfig; name = "Pods-PractiseSwiftUI-PractiseSwiftUIUITests.debug.xcconfig"; path = "Target Support Files/Pods-PractiseSwiftUI-PractiseSwiftUIUITests/Pods-PractiseSwiftUI-PractiseSwiftUIUITests.debug.xcconfig"; sourceTree = "<group>"; };
		9C22B4522498242F56F8D9FB /* Pods_PractiseSwiftUI_PractiseSwiftUIUITests.framework */ = {isa = PBXFileReference; explicitFileType = wrapper.framework; includeInIndex = 0; path = Pods_PractiseSwiftUI_PractiseSwiftUIUITests.framework; sourceTree = BUILT_PRODUCTS_DIR; };
		AA1B3EE90635A78DCE9BC1BF /* Pods-PractiseSwiftUITests.debug.xcconfig */ = {isa = PBXFileReference; includeInIndex = 1; lastKnownFileType = text.xcconfig; name = "Pods-PractiseSwiftUITests.debug.xcconfig"; path = "Target Support Files/Pods-PractiseSwiftUITests/Pods-PractiseSwiftUITests.debug.xcconfig"; sourceTree = "<group>"; };
		AF3509A31F87B21F5F8D58AD /* Pods_PractiseSwiftUI.framework */ = {isa = PBXFileReference; explicitFileType = wrapper.framework; includeInIndex = 0; path = Pods_PractiseSwiftUI.framework; sourceTree = BUILT_PRODUCTS_DIR; };
		C8D19060E6766DA460F64F07 /* Pods-PractiseSwiftUI.release.xcconfig */ = {isa = PBXFileReference; includeInIndex = 1; lastKnownFileType = text.xcconfig; name = "Pods-PractiseSwiftUI.release.xcconfig"; path = "Target Support Files/Pods-PractiseSwiftUI/Pods-PractiseSwiftUI.release.xcconfig"; sourceTree = "<group>"; };
		ED313087432E80A35D1E90DB /* Pods-PractiseSwiftUITests.release.xcconfig */ = {isa = PBXFileReference; includeInIndex = 1; lastKnownFileType = text.xcconfig; name = "Pods-PractiseSwiftUITests.release.xcconfig"; path = "Target Support Files/Pods-PractiseSwiftUITests/Pods-PractiseSwiftUITests.release.xcconfig"; sourceTree = "<group>"; };
		EF05C295290E8CE400AB5ADD /* NavigationChapter.swift */ = {isa = PBXFileReference; lastKnownFileType = sourcecode.swift; path = NavigationChapter.swift; sourceTree = "<group>"; };
		EF05C297290EC1D600AB5ADD /* SheetPresentchapter.swift */ = {isa = PBXFileReference; lastKnownFileType = sourcecode.swift; path = SheetPresentchapter.swift; sourceTree = "<group>"; };
		EF2A105E290922D0002211C6 /* Network.swift */ = {isa = PBXFileReference; lastKnownFileType = sourcecode.swift; path = Network.swift; sourceTree = "<group>"; };
		EF2A106029092457002211C6 /* UploadData.swift */ = {isa = PBXFileReference; lastKnownFileType = sourcecode.swift; path = UploadData.swift; sourceTree = "<group>"; };
		EF2A106329096D26002211C6 /* CrazyAnimationTopToButtom.swift */ = {isa = PBXFileReference; lastKnownFileType = sourcecode.swift; path = CrazyAnimationTopToButtom.swift; sourceTree = "<group>"; };
		EF398F25290D38E6002A7758 /* Restaurant.swift */ = {isa = PBXFileReference; lastKnownFileType = sourcecode.swift; path = Restaurant.swift; sourceTree = "<group>"; };
		EF6854ED2907CB56004E0FBF /* PractiseSwiftUI.app */ = {isa = PBXFileReference; explicitFileType = wrapper.application; includeInIndex = 0; path = PractiseSwiftUI.app; sourceTree = BUILT_PRODUCTS_DIR; };
		EF6854F02907CB56004E0FBF /* PractiseSwiftUIApp.swift */ = {isa = PBXFileReference; lastKnownFileType = sourcecode.swift; path = PractiseSwiftUIApp.swift; sourceTree = "<group>"; };
		EF6854F22907CB56004E0FBF /* ContentView.swift */ = {isa = PBXFileReference; lastKnownFileType = sourcecode.swift; path = ContentView.swift; sourceTree = "<group>"; };
		EF6854F42907CB57004E0FBF /* Assets.xcassets */ = {isa = PBXFileReference; lastKnownFileType = folder.assetcatalog; path = Assets.xcassets; sourceTree = "<group>"; };
		EF6854F72907CB57004E0FBF /* Preview Assets.xcassets */ = {isa = PBXFileReference; lastKnownFileType = folder.assetcatalog; path = "Preview Assets.xcassets"; sourceTree = "<group>"; };
		EF6854FD2907CB57004E0FBF /* PractiseSwiftUITests.xctest */ = {isa = PBXFileReference; explicitFileType = wrapper.cfbundle; includeInIndex = 0; path = PractiseSwiftUITests.xctest; sourceTree = BUILT_PRODUCTS_DIR; };
		EF6855012907CB57004E0FBF /* PractiseSwiftUITests.swift */ = {isa = PBXFileReference; lastKnownFileType = sourcecode.swift; path = PractiseSwiftUITests.swift; sourceTree = "<group>"; };
		EF6855072907CB57004E0FBF /* PractiseSwiftUIUITests.xctest */ = {isa = PBXFileReference; explicitFileType = wrapper.cfbundle; includeInIndex = 0; path = PractiseSwiftUIUITests.xctest; sourceTree = BUILT_PRODUCTS_DIR; };
		EF68550B2907CB57004E0FBF /* PractiseSwiftUIUITests.swift */ = {isa = PBXFileReference; lastKnownFileType = sourcecode.swift; path = PractiseSwiftUIUITests.swift; sourceTree = "<group>"; };
		EF68550D2907CB57004E0FBF /* PractiseSwiftUIUITestsLaunchTests.swift */ = {isa = PBXFileReference; lastKnownFileType = sourcecode.swift; path = PractiseSwiftUIUITestsLaunchTests.swift; sourceTree = "<group>"; };
		EF68551A290807D3004E0FBF /* CardView.swift */ = {isa = PBXFileReference; lastKnownFileType = sourcecode.swift; path = CardView.swift; sourceTree = "<group>"; };
		F82233DAD032D5AE7A5BA9F0 /* Pods_PractiseSwiftUITests.framework */ = {isa = PBXFileReference; explicitFileType = wrapper.framework; includeInIndex = 0; path = Pods_PractiseSwiftUITests.framework; sourceTree = BUILT_PRODUCTS_DIR; };
/* End PBXFileReference section */

/* Begin PBXFrameworksBuildPhase section */
		EF6854EA2907CB56004E0FBF /* Frameworks */ = {
			isa = PBXFrameworksBuildPhase;
			buildActionMask = 2147483647;
			files = (
				2156CEA86B8DFB7BFE3CB8DE /* Pods_PractiseSwiftUI.framework in Frameworks */,
			);
			runOnlyForDeploymentPostprocessing = 0;
		};
		EF6854FA2907CB57004E0FBF /* Frameworks */ = {
			isa = PBXFrameworksBuildPhase;
			buildActionMask = 2147483647;
			files = (
				54F53AC692DF782692D7FE5B /* Pods_PractiseSwiftUITests.framework in Frameworks */,
			);
			runOnlyForDeploymentPostprocessing = 0;
		};
		EF6855042907CB57004E0FBF /* Frameworks */ = {
			isa = PBXFrameworksBuildPhase;
			buildActionMask = 2147483647;
			files = (
				82D58A6797671FCA4538FD67 /* Pods_PractiseSwiftUI_PractiseSwiftUIUITests.framework in Frameworks */,
			);
			runOnlyForDeploymentPostprocessing = 0;
		};
/* End PBXFrameworksBuildPhase section */

/* Begin PBXGroup section */
		44F26AB2CC56D39243E6A6E3 /* Pods */ = {
			isa = PBXGroup;
			children = (
				2E859558F6F7CCD4622C2E3E /* Pods-PractiseSwiftUI.debug.xcconfig */,
				C8D19060E6766DA460F64F07 /* Pods-PractiseSwiftUI.release.xcconfig */,
				6DF00DB31269EFE4A274B048 /* Pods-PractiseSwiftUI-PractiseSwiftUIUITests.debug.xcconfig */,
				2AD30767F3BAF047293634FF /* Pods-PractiseSwiftUI-PractiseSwiftUIUITests.release.xcconfig */,
				AA1B3EE90635A78DCE9BC1BF /* Pods-PractiseSwiftUITests.debug.xcconfig */,
				ED313087432E80A35D1E90DB /* Pods-PractiseSwiftUITests.release.xcconfig */,
			);
			path = Pods;
			sourceTree = "<group>";
		};
		C92E812256BD2C3A78121852 /* Frameworks */ = {
			isa = PBXGroup;
			children = (
				AF3509A31F87B21F5F8D58AD /* Pods_PractiseSwiftUI.framework */,
				9C22B4522498242F56F8D9FB /* Pods_PractiseSwiftUI_PractiseSwiftUIUITests.framework */,
				F82233DAD032D5AE7A5BA9F0 /* Pods_PractiseSwiftUITests.framework */,
			);
			name = Frameworks;
			sourceTree = "<group>";
		};
		EF2A105D290922C5002211C6 /* Network */ = {
			isa = PBXGroup;
			children = (
				EF2A105E290922D0002211C6 /* Network.swift */,
				EF2A106029092457002211C6 /* UploadData.swift */,
			);
			path = Network;
			sourceTree = "<group>";
		};
		EF2A106229096CF6002211C6 /* readyAnimation */ = {
			isa = PBXGroup;
			children = (
				EF2A106329096D26002211C6 /* CrazyAnimationTopToButtom.swift */,
			);
			path = readyAnimation;
			sourceTree = "<group>";
		};
		EF398F24290D38C7002A7758 /* practiceList */ = {
			isa = PBXGroup;
			children = (
				EF398F25290D38E6002A7758 /* Restaurant.swift */,
			);
			path = practiceList;
			sourceTree = "<group>";
		};
		EF6854E42907CB56004E0FBF = {
			isa = PBXGroup;
			children = (
				EF6854EF2907CB56004E0FBF /* PractiseSwiftUI */,
				EF6855002907CB57004E0FBF /* PractiseSwiftUITests */,
				EF68550A2907CB57004E0FBF /* PractiseSwiftUIUITests */,
				EF6854EE2907CB56004E0FBF /* Products */,
				44F26AB2CC56D39243E6A6E3 /* Pods */,
				C92E812256BD2C3A78121852 /* Frameworks */,
			);
			sourceTree = "<group>";
		};
		EF6854EE2907CB56004E0FBF /* Products */ = {
			isa = PBXGroup;
			children = (
				EF6854ED2907CB56004E0FBF /* PractiseSwiftUI.app */,
				EF6854FD2907CB57004E0FBF /* PractiseSwiftUITests.xctest */,
				EF6855072907CB57004E0FBF /* PractiseSwiftUIUITests.xctest */,
			);
			name = Products;
			sourceTree = "<group>";
		};
		EF6854EF2907CB56004E0FBF /* PractiseSwiftUI */ = {
			isa = PBXGroup;
			children = (
				EF6854F02907CB56004E0FBF /* PractiseSwiftUIApp.swift */,
				EF2A105D290922C5002211C6 /* Network */,
				EF2A106229096CF6002211C6 /* readyAnimation */,
				EF6854F62907CB57004E0FBF /* Preview Content */,
				EF398F24290D38C7002A7758 /* practiceList */,
				EF6854F22907CB56004E0FBF /* ContentView.swift */,
				EF68551A290807D3004E0FBF /* CardView.swift */,
				EF6854F42907CB57004E0FBF /* Assets.xcassets */,
				EF05C295290E8CE400AB5ADD /* NavigationChapter.swift */,
				EF05C297290EC1D600AB5ADD /* SheetPresentchapter.swift */,
			);
			path = PractiseSwiftUI;
			sourceTree = "<group>";
		};
		EF6854F62907CB57004E0FBF /* Preview Content */ = {
			isa = PBXGroup;
			children = (
				EF6854F72907CB57004E0FBF /* Preview Assets.xcassets */,
			);
			path = "Preview Content";
			sourceTree = "<group>";
		};
		EF6855002907CB57004E0FBF /* PractiseSwiftUITests */ = {
			isa = PBXGroup;
			children = (
				EF6855012907CB57004E0FBF /* PractiseSwiftUITests.swift */,
			);
			path = PractiseSwiftUITests;
			sourceTree = "<group>";
		};
		EF68550A2907CB57004E0FBF /* PractiseSwiftUIUITests */ = {
			isa = PBXGroup;
			children = (
				EF68550B2907CB57004E0FBF /* PractiseSwiftUIUITests.swift */,
				EF68550D2907CB57004E0FBF /* PractiseSwiftUIUITestsLaunchTests.swift */,
			);
			path = PractiseSwiftUIUITests;
			sourceTree = "<group>";
		};
/* End PBXGroup section */

/* Begin PBXNativeTarget section */
		EF6854EC2907CB56004E0FBF /* PractiseSwiftUI */ = {
			isa = PBXNativeTarget;
			buildConfigurationList = EF6855112907CB57004E0FBF /* Build configuration list for PBXNativeTarget "PractiseSwiftUI" */;
			buildPhases = (
				C320DA06F9DC0E22E029F9AB /* [CP] Check Pods Manifest.lock */,
				EF6854E92907CB56004E0FBF /* Sources */,
				EF6854EA2907CB56004E0FBF /* Frameworks */,
				EF6854EB2907CB56004E0FBF /* Resources */,
				D5B36D13420D23355FAFBD9E /* [CP] Embed Pods Frameworks */,
			);
			buildRules = (
			);
			dependencies = (
			);
			name = PractiseSwiftUI;
			productName = PractiseSwiftUI;
			productReference = EF6854ED2907CB56004E0FBF /* PractiseSwiftUI.app */;
			productType = "com.apple.product-type.application";
		};
		EF6854FC2907CB57004E0FBF /* PractiseSwiftUITests */ = {
			isa = PBXNativeTarget;
			buildConfigurationList = EF6855142907CB57004E0FBF /* Build configuration list for PBXNativeTarget "PractiseSwiftUITests" */;
			buildPhases = (
				2884BD2E28D55728EB6F9FEE /* [CP] Check Pods Manifest.lock */,
				EF6854F92907CB57004E0FBF /* Sources */,
				EF6854FA2907CB57004E0FBF /* Frameworks */,
				EF6854FB2907CB57004E0FBF /* Resources */,
			);
			buildRules = (
			);
			dependencies = (
				EF6854FF2907CB57004E0FBF /* PBXTargetDependency */,
			);
			name = PractiseSwiftUITests;
			productName = PractiseSwiftUITests;
			productReference = EF6854FD2907CB57004E0FBF /* PractiseSwiftUITests.xctest */;
			productType = "com.apple.product-type.bundle.unit-test";
		};
		EF6855062907CB57004E0FBF /* PractiseSwiftUIUITests */ = {
			isa = PBXNativeTarget;
			buildConfigurationList = EF6855172907CB57004E0FBF /* Build configuration list for PBXNativeTarget "PractiseSwiftUIUITests" */;
			buildPhases = (
				477CB07EB0E413652154B167 /* [CP] Check Pods Manifest.lock */,
				EF6855032907CB57004E0FBF /* Sources */,
				EF6855042907CB57004E0FBF /* Frameworks */,
				EF6855052907CB57004E0FBF /* Resources */,
				4DBB1FD739C053DB612A98D8 /* [CP] Embed Pods Frameworks */,
			);
			buildRules = (
			);
			dependencies = (
				EF6855092907CB57004E0FBF /* PBXTargetDependency */,
			);
			name = PractiseSwiftUIUITests;
			productName = PractiseSwiftUIUITests;
			productReference = EF6855072907CB57004E0FBF /* PractiseSwiftUIUITests.xctest */;
			productType = "com.apple.product-type.bundle.ui-testing";
		};
/* End PBXNativeTarget section */

/* Begin PBXProject section */
		EF6854E52907CB56004E0FBF /* Project object */ = {
			isa = PBXProject;
			attributes = {
				BuildIndependentTargetsInParallel = 1;
				LastSwiftUpdateCheck = 1400;
				LastUpgradeCheck = 1400;
				TargetAttributes = {
					EF6854EC2907CB56004E0FBF = {
						CreatedOnToolsVersion = 14.0;
					};
					EF6854FC2907CB57004E0FBF = {
						CreatedOnToolsVersion = 14.0;
						TestTargetID = EF6854EC2907CB56004E0FBF;
					};
					EF6855062907CB57004E0FBF = {
						CreatedOnToolsVersion = 14.0;
						TestTargetID = EF6854EC2907CB56004E0FBF;
					};
				};
			};
			buildConfigurationList = EF6854E82907CB56004E0FBF /* Build configuration list for PBXProject "PractiseSwiftUI" */;
			compatibilityVersion = "Xcode 13.0";
			developmentRegion = en;
			hasScannedForEncodings = 0;
			knownRegions = (
				en,
				Base,
			);
			mainGroup = EF6854E42907CB56004E0FBF;
			productRefGroup = EF6854EE2907CB56004E0FBF /* Products */;
			projectDirPath = "";
			projectRoot = "";
			targets = (
				EF6854EC2907CB56004E0FBF /* PractiseSwiftUI */,
				EF6854FC2907CB57004E0FBF /* PractiseSwiftUITests */,
				EF6855062907CB57004E0FBF /* PractiseSwiftUIUITests */,
			);
		};
/* End PBXProject section */

/* Begin PBXResourcesBuildPhase section */
		EF6854EB2907CB56004E0FBF /* Resources */ = {
			isa = PBXResourcesBuildPhase;
			buildActionMask = 2147483647;
			files = (
				EF6854F82907CB57004E0FBF /* Preview Assets.xcassets in Resources */,
				EF6854F52907CB57004E0FBF /* Assets.xcassets in Resources */,
			);
			runOnlyForDeploymentPostprocessing = 0;
		};
		EF6854FB2907CB57004E0FBF /* Resources */ = {
			isa = PBXResourcesBuildPhase;
			buildActionMask = 2147483647;
			files = (
			);
			runOnlyForDeploymentPostprocessing = 0;
		};
		EF6855052907CB57004E0FBF /* Resources */ = {
			isa = PBXResourcesBuildPhase;
			buildActionMask = 2147483647;
			files = (
			);
			runOnlyForDeploymentPostprocessing = 0;
		};
/* End PBXResourcesBuildPhase section */

/* Begin PBXShellScriptBuildPhase section */
		2884BD2E28D55728EB6F9FEE /* [CP] Check Pods Manifest.lock */ = {
			isa = PBXShellScriptBuildPhase;
			buildActionMask = 2147483647;
			files = (
			);
			inputFileListPaths = (
			);
			inputPaths = (
				"${PODS_PODFILE_DIR_PATH}/Podfile.lock",
				"${PODS_ROOT}/Manifest.lock",
			);
			name = "[CP] Check Pods Manifest.lock";
			outputFileListPaths = (
			);
			outputPaths = (
				"$(DERIVED_FILE_DIR)/Pods-PractiseSwiftUITests-checkManifestLockResult.txt",
			);
			runOnlyForDeploymentPostprocessing = 0;
			shellPath = /bin/sh;
			shellScript = "diff \"${PODS_PODFILE_DIR_PATH}/Podfile.lock\" \"${PODS_ROOT}/Manifest.lock\" > /dev/null\nif [ $? != 0 ] ; then\n    # print error to STDERR\n    echo \"error: The sandbox is not in sync with the Podfile.lock. Run 'pod install' or update your CocoaPods installation.\" >&2\n    exit 1\nfi\n# This output is used by Xcode 'outputs' to avoid re-running this script phase.\necho \"SUCCESS\" > \"${SCRIPT_OUTPUT_FILE_0}\"\n";
			showEnvVarsInLog = 0;
		};
		477CB07EB0E413652154B167 /* [CP] Check Pods Manifest.lock */ = {
			isa = PBXShellScriptBuildPhase;
			buildActionMask = 2147483647;
			files = (
			);
			inputFileListPaths = (
			);
			inputPaths = (
				"${PODS_PODFILE_DIR_PATH}/Podfile.lock",
				"${PODS_ROOT}/Manifest.lock",
			);
			name = "[CP] Check Pods Manifest.lock";
			outputFileListPaths = (
			);
			outputPaths = (
				"$(DERIVED_FILE_DIR)/Pods-PractiseSwiftUI-PractiseSwiftUIUITests-checkManifestLockResult.txt",
			);
			runOnlyForDeploymentPostprocessing = 0;
			shellPath = /bin/sh;
			shellScript = "diff \"${PODS_PODFILE_DIR_PATH}/Podfile.lock\" \"${PODS_ROOT}/Manifest.lock\" > /dev/null\nif [ $? != 0 ] ; then\n    # print error to STDERR\n    echo \"error: The sandbox is not in sync with the Podfile.lock. Run 'pod install' or update your CocoaPods installation.\" >&2\n    exit 1\nfi\n# This output is used by Xcode 'outputs' to avoid re-running this script phase.\necho \"SUCCESS\" > \"${SCRIPT_OUTPUT_FILE_0}\"\n";
			showEnvVarsInLog = 0;
		};
		4DBB1FD739C053DB612A98D8 /* [CP] Embed Pods Frameworks */ = {
			isa = PBXShellScriptBuildPhase;
			buildActionMask = 2147483647;
			files = (
			);
			inputFileListPaths = (
				"${PODS_ROOT}/Target Support Files/Pods-PractiseSwiftUI-PractiseSwiftUIUITests/Pods-PractiseSwiftUI-PractiseSwiftUIUITests-frameworks-${CONFIGURATION}-input-files.xcfilelist",
			);
			name = "[CP] Embed Pods Frameworks";
			outputFileListPaths = (
				"${PODS_ROOT}/Target Support Files/Pods-PractiseSwiftUI-PractiseSwiftUIUITests/Pods-PractiseSwiftUI-PractiseSwiftUIUITests-frameworks-${CONFIGURATION}-output-files.xcfilelist",
			);
			runOnlyForDeploymentPostprocessing = 0;
			shellPath = /bin/sh;
			shellScript = "\"${PODS_ROOT}/Target Support Files/Pods-PractiseSwiftUI-PractiseSwiftUIUITests/Pods-PractiseSwiftUI-PractiseSwiftUIUITests-frameworks.sh\"\n";
			showEnvVarsInLog = 0;
		};
		C320DA06F9DC0E22E029F9AB /* [CP] Check Pods Manifest.lock */ = {
			isa = PBXShellScriptBuildPhase;
			buildActionMask = 2147483647;
			files = (
			);
			inputFileListPaths = (
			);
			inputPaths = (
				"${PODS_PODFILE_DIR_PATH}/Podfile.lock",
				"${PODS_ROOT}/Manifest.lock",
			);
			name = "[CP] Check Pods Manifest.lock";
			outputFileListPaths = (
			);
			outputPaths = (
				"$(DERIVED_FILE_DIR)/Pods-PractiseSwiftUI-checkManifestLockResult.txt",
			);
			runOnlyForDeploymentPostprocessing = 0;
			shellPath = /bin/sh;
			shellScript = "diff \"${PODS_PODFILE_DIR_PATH}/Podfile.lock\" \"${PODS_ROOT}/Manifest.lock\" > /dev/null\nif [ $? != 0 ] ; then\n    # print error to STDERR\n    echo \"error: The sandbox is not in sync with the Podfile.lock. Run 'pod install' or update your CocoaPods installation.\" >&2\n    exit 1\nfi\n# This output is used by Xcode 'outputs' to avoid re-running this script phase.\necho \"SUCCESS\" > \"${SCRIPT_OUTPUT_FILE_0}\"\n";
			showEnvVarsInLog = 0;
		};
		D5B36D13420D23355FAFBD9E /* [CP] Embed Pods Frameworks */ = {
			isa = PBXShellScriptBuildPhase;
			buildActionMask = 2147483647;
			files = (
			);
			inputFileListPaths = (
				"${PODS_ROOT}/Target Support Files/Pods-PractiseSwiftUI/Pods-PractiseSwiftUI-frameworks-${CONFIGURATION}-input-files.xcfilelist",
			);
			name = "[CP] Embed Pods Frameworks";
			outputFileListPaths = (
				"${PODS_ROOT}/Target Support Files/Pods-PractiseSwiftUI/Pods-PractiseSwiftUI-frameworks-${CONFIGURATION}-output-files.xcfilelist",
			);
			runOnlyForDeploymentPostprocessing = 0;
			shellPath = /bin/sh;
			shellScript = "\"${PODS_ROOT}/Target Support Files/Pods-PractiseSwiftUI/Pods-PractiseSwiftUI-frameworks.sh\"\n";
			showEnvVarsInLog = 0;
		};
/* End PBXShellScriptBuildPhase section */

/* Begin PBXSourcesBuildPhase section */
		EF6854E92907CB56004E0FBF /* Sources */ = {
			isa = PBXSourcesBuildPhase;
			buildActionMask = 2147483647;
			files = (
				EF2A106129092457002211C6 /* UploadData.swift in Sources */,
				EF05C296290E8CE400AB5ADD /* NavigationChapter.swift in Sources */,
				EF2A105F290922D0002211C6 /* Network.swift in Sources */,
				EF6854F32907CB56004E0FBF /* ContentView.swift in Sources */,
				EF05C298290EC1D600AB5ADD /* SheetPresentchapter.swift in Sources */,
				EF398F26290D38E6002A7758 /* Restaurant.swift in Sources */,
				EF68551B290807D3004E0FBF /* CardView.swift in Sources */,
				EF6854F12907CB56004E0FBF /* PractiseSwiftUIApp.swift in Sources */,
				EF2A106429096D26002211C6 /* CrazyAnimationTopToButtom.swift in Sources */,
			);
			runOnlyForDeploymentPostprocessing = 0;
		};
		EF6854F92907CB57004E0FBF /* Sources */ = {
			isa = PBXSourcesBuildPhase;
			buildActionMask = 2147483647;
			files = (
				EF6855022907CB57004E0FBF /* PractiseSwiftUITests.swift in Sources */,
			);
			runOnlyForDeploymentPostprocessing = 0;
		};
		EF6855032907CB57004E0FBF /* Sources */ = {
			isa = PBXSourcesBuildPhase;
			buildActionMask = 2147483647;
			files = (
				EF68550C2907CB57004E0FBF /* PractiseSwiftUIUITests.swift in Sources */,
				EF68550E2907CB57004E0FBF /* PractiseSwiftUIUITestsLaunchTests.swift in Sources */,
			);
			runOnlyForDeploymentPostprocessing = 0;
		};
/* End PBXSourcesBuildPhase section */

/* Begin PBXTargetDependency section */
		EF6854FF2907CB57004E0FBF /* PBXTargetDependency */ = {
			isa = PBXTargetDependency;
			target = EF6854EC2907CB56004E0FBF /* PractiseSwiftUI */;
			targetProxy = EF6854FE2907CB57004E0FBF /* PBXContainerItemProxy */;
		};
		EF6855092907CB57004E0FBF /* PBXTargetDependency */ = {
			isa = PBXTargetDependency;
			target = EF6854EC2907CB56004E0FBF /* PractiseSwiftUI */;
			targetProxy = EF6855082907CB57004E0FBF /* PBXContainerItemProxy */;
		};
/* End PBXTargetDependency section */

/* Begin XCBuildConfiguration section */
		EF68550F2907CB57004E0FBF /* Debug */ = {
			isa = XCBuildConfiguration;
			buildSettings = {
				ALWAYS_SEARCH_USER_PATHS = NO;
				CLANG_ANALYZER_NONNULL = YES;
				CLANG_ANALYZER_NUMBER_OBJECT_CONVERSION = YES_AGGRESSIVE;
				CLANG_CXX_LANGUAGE_STANDARD = "gnu++20";
				CLANG_ENABLE_MODULES = YES;
				CLANG_ENABLE_OBJC_ARC = YES;
				CLANG_ENABLE_OBJC_WEAK = YES;
				CLANG_WARN_BLOCK_CAPTURE_AUTORELEASING = YES;
				CLANG_WARN_BOOL_CONVERSION = YES;
				CLANG_WARN_COMMA = YES;
				CLANG_WARN_CONSTANT_CONVERSION = YES;
				CLANG_WARN_DEPRECATED_OBJC_IMPLEMENTATIONS = YES;
				CLANG_WARN_DIRECT_OBJC_ISA_USAGE = YES_ERROR;
				CLANG_WARN_DOCUMENTATION_COMMENTS = YES;
				CLANG_WARN_EMPTY_BODY = YES;
				CLANG_WARN_ENUM_CONVERSION = YES;
				CLANG_WARN_INFINITE_RECURSION = YES;
				CLANG_WARN_INT_CONVERSION = YES;
				CLANG_WARN_NON_LITERAL_NULL_CONVERSION = YES;
				CLANG_WARN_OBJC_IMPLICIT_RETAIN_SELF = YES;
				CLANG_WARN_OBJC_LITERAL_CONVERSION = YES;
				CLANG_WARN_OBJC_ROOT_CLASS = YES_ERROR;
				CLANG_WARN_QUOTED_INCLUDE_IN_FRAMEWORK_HEADER = YES;
				CLANG_WARN_RANGE_LOOP_ANALYSIS = YES;
				CLANG_WARN_STRICT_PROTOTYPES = YES;
				CLANG_WARN_SUSPICIOUS_MOVE = YES;
				CLANG_WARN_UNGUARDED_AVAILABILITY = YES_AGGRESSIVE;
				CLANG_WARN_UNREACHABLE_CODE = YES;
				CLANG_WARN__DUPLICATE_METHOD_MATCH = YES;
				COPY_PHASE_STRIP = NO;
				DEBUG_INFORMATION_FORMAT = dwarf;
				ENABLE_STRICT_OBJC_MSGSEND = YES;
				ENABLE_TESTABILITY = YES;
				GCC_C_LANGUAGE_STANDARD = gnu11;
				GCC_DYNAMIC_NO_PIC = NO;
				GCC_NO_COMMON_BLOCKS = YES;
				GCC_OPTIMIZATION_LEVEL = 0;
				GCC_PREPROCESSOR_DEFINITIONS = (
					"DEBUG=1",
					"$(inherited)",
				);
				GCC_WARN_64_TO_32_BIT_CONVERSION = YES;
				GCC_WARN_ABOUT_RETURN_TYPE = YES_ERROR;
				GCC_WARN_UNDECLARED_SELECTOR = YES;
				GCC_WARN_UNINITIALIZED_AUTOS = YES_AGGRESSIVE;
				GCC_WARN_UNUSED_FUNCTION = YES;
				GCC_WARN_UNUSED_VARIABLE = YES;
				IPHONEOS_DEPLOYMENT_TARGET = 16.0;
				MTL_ENABLE_DEBUG_INFO = INCLUDE_SOURCE;
				MTL_FAST_MATH = YES;
				ONLY_ACTIVE_ARCH = YES;
				SDKROOT = iphoneos;
				SWIFT_ACTIVE_COMPILATION_CONDITIONS = DEBUG;
				SWIFT_OPTIMIZATION_LEVEL = "-Onone";
			};
			name = Debug;
		};
		EF6855102907CB57004E0FBF /* Release */ = {
			isa = XCBuildConfiguration;
			buildSettings = {
				ALWAYS_SEARCH_USER_PATHS = NO;
				CLANG_ANALYZER_NONNULL = YES;
				CLANG_ANALYZER_NUMBER_OBJECT_CONVERSION = YES_AGGRESSIVE;
				CLANG_CXX_LANGUAGE_STANDARD = "gnu++20";
				CLANG_ENABLE_MODULES = YES;
				CLANG_ENABLE_OBJC_ARC = YES;
				CLANG_ENABLE_OBJC_WEAK = YES;
				CLANG_WARN_BLOCK_CAPTURE_AUTORELEASING = YES;
				CLANG_WARN_BOOL_CONVERSION = YES;
				CLANG_WARN_COMMA = YES;
				CLANG_WARN_CONSTANT_CONVERSION = YES;
				CLANG_WARN_DEPRECATED_OBJC_IMPLEMENTATIONS = YES;
				CLANG_WARN_DIRECT_OBJC_ISA_USAGE = YES_ERROR;
				CLANG_WARN_DOCUMENTATION_COMMENTS = YES;
				CLANG_WARN_EMPTY_BODY = YES;
				CLANG_WARN_ENUM_CONVERSION = YES;
				CLANG_WARN_INFINITE_RECURSION = YES;
				CLANG_WARN_INT_CONVERSION = YES;
				CLANG_WARN_NON_LITERAL_NULL_CONVERSION = YES;
				CLANG_WARN_OBJC_IMPLICIT_RETAIN_SELF = YES;
				CLANG_WARN_OBJC_LITERAL_CONVERSION = YES;
				CLANG_WARN_OBJC_ROOT_CLASS = YES_ERROR;
				CLANG_WARN_QUOTED_INCLUDE_IN_FRAMEWORK_HEADER = YES;
				CLANG_WARN_RANGE_LOOP_ANALYSIS = YES;
				CLANG_WARN_STRICT_PROTOTYPES = YES;
				CLANG_WARN_SUSPICIOUS_MOVE = YES;
				CLANG_WARN_UNGUARDED_AVAILABILITY = YES_AGGRESSIVE;
				CLANG_WARN_UNREACHABLE_CODE = YES;
				CLANG_WARN__DUPLICATE_METHOD_MATCH = YES;
				COPY_PHASE_STRIP = NO;
				DEBUG_INFORMATION_FORMAT = "dwarf-with-dsym";
				ENABLE_NS_ASSERTIONS = NO;
				ENABLE_STRICT_OBJC_MSGSEND = YES;
				GCC_C_LANGUAGE_STANDARD = gnu11;
				GCC_NO_COMMON_BLOCKS = YES;
				GCC_WARN_64_TO_32_BIT_CONVERSION = YES;
				GCC_WARN_ABOUT_RETURN_TYPE = YES_ERROR;
				GCC_WARN_UNDECLARED_SELECTOR = YES;
				GCC_WARN_UNINITIALIZED_AUTOS = YES_AGGRESSIVE;
				GCC_WARN_UNUSED_FUNCTION = YES;
				GCC_WARN_UNUSED_VARIABLE = YES;
				IPHONEOS_DEPLOYMENT_TARGET = 16.0;
				MTL_ENABLE_DEBUG_INFO = NO;
				MTL_FAST_MATH = YES;
				SDKROOT = iphoneos;
				SWIFT_COMPILATION_MODE = wholemodule;
				SWIFT_OPTIMIZATION_LEVEL = "-O";
				VALIDATE_PRODUCT = YES;
			};
			name = Release;
		};
		EF6855122907CB57004E0FBF /* Debug */ = {
			isa = XCBuildConfiguration;
			baseConfigurationReference = 2E859558F6F7CCD4622C2E3E /* Pods-PractiseSwiftUI.debug.xcconfig */;
			buildSettings = {
				ASSETCATALOG_COMPILER_APPICON_NAME = AppIcon;
				ASSETCATALOG_COMPILER_GLOBAL_ACCENT_COLOR_NAME = AccentColor;
				CODE_SIGN_STYLE = Automatic;
				CURRENT_PROJECT_VERSION = 1;
				DEVELOPMENT_ASSET_PATHS = "\"PractiseSwiftUI/Preview Content\"";
				DEVELOPMENT_TEAM = AJ7MW2XDAX;
				ENABLE_PREVIEWS = YES;
				GENERATE_INFOPLIST_FILE = YES;
				INFOPLIST_KEY_UIApplicationSceneManifest_Generation = YES;
				INFOPLIST_KEY_UIApplicationSupportsIndirectInputEvents = YES;
				INFOPLIST_KEY_UILaunchScreen_Generation = YES;
				INFOPLIST_KEY_UISupportedInterfaceOrientations_iPad = "UIInterfaceOrientationPortrait UIInterfaceOrientationPortraitUpsideDown UIInterfaceOrientationLandscapeLeft UIInterfaceOrientationLandscapeRight";
				INFOPLIST_KEY_UISupportedInterfaceOrientations_iPhone = "UIInterfaceOrientationPortrait UIInterfaceOrientationLandscapeLeft UIInterfaceOrientationLandscapeRight";
				IPHONEOS_DEPLOYMENT_TARGET = 14.0;
				LD_RUNPATH_SEARCH_PATHS = (
					"$(inherited)",
					"@executable_path/Frameworks",
				);
				MARKETING_VERSION = 1.0;
				PRODUCT_BUNDLE_IDENTIFIER = com.myself.practiseSwiftUI.PractiseSwiftUI;
				PRODUCT_NAME = "$(TARGET_NAME)";
				SWIFT_EMIT_LOC_STRINGS = YES;
				SWIFT_VERSION = 5.0;
				TARGETED_DEVICE_FAMILY = "1,2";
			};
			name = Debug;
		};
		EF6855132907CB57004E0FBF /* Release */ = {
			isa = XCBuildConfiguration;
			baseConfigurationReference = C8D19060E6766DA460F64F07 /* Pods-PractiseSwiftUI.release.xcconfig */;
			buildSettings = {
				ASSETCATALOG_COMPILER_APPICON_NAME = AppIcon;
				ASSETCATALOG_COMPILER_GLOBAL_ACCENT_COLOR_NAME = AccentColor;
				CODE_SIGN_STYLE = Automatic;
				CURRENT_PROJECT_VERSION = 1;
				DEVELOPMENT_ASSET_PATHS = "\"PractiseSwiftUI/Preview Content\"";
				DEVELOPMENT_TEAM = AJ7MW2XDAX;
				ENABLE_PREVIEWS = YES;
				GENERATE_INFOPLIST_FILE = YES;
				INFOPLIST_KEY_UIApplicationSceneManifest_Generation = YES;
				INFOPLIST_KEY_UIApplicationSupportsIndirectInputEvents = YES;
				INFOPLIST_KEY_UILaunchScreen_Generation = YES;
				INFOPLIST_KEY_UISupportedInterfaceOrientations_iPad = "UIInterfaceOrientationPortrait UIInterfaceOrientationPortraitUpsideDown UIInterfaceOrientationLandscapeLeft UIInterfaceOrientationLandscapeRight";
				INFOPLIST_KEY_UISupportedInterfaceOrientations_iPhone = "UIInterfaceOrientationPortrait UIInterfaceOrientationLandscapeLeft UIInterfaceOrientationLandscapeRight";
				IPHONEOS_DEPLOYMENT_TARGET = 14.0;
				LD_RUNPATH_SEARCH_PATHS = (
					"$(inherited)",
					"@executable_path/Frameworks",
				);
				MARKETING_VERSION = 1.0;
				PRODUCT_BUNDLE_IDENTIFIER = com.myself.practiseSwiftUI.PractiseSwiftUI;
				PRODUCT_NAME = "$(TARGET_NAME)";
				SWIFT_EMIT_LOC_STRINGS = YES;
				SWIFT_VERSION = 5.0;
				TARGETED_DEVICE_FAMILY = "1,2";
			};
			name = Release;
		};
		EF6855152907CB57004E0FBF /* Debug */ = {
			isa = XCBuildConfiguration;
			baseConfigurationReference = AA1B3EE90635A78DCE9BC1BF /* Pods-PractiseSwiftUITests.debug.xcconfig */;
			buildSettings = {
				ALWAYS_EMBED_SWIFT_STANDARD_LIBRARIES = YES;
				BUNDLE_LOADER = "$(TEST_HOST)";
				CODE_SIGN_STYLE = Automatic;
				CURRENT_PROJECT_VERSION = 1;
				DEVELOPMENT_TEAM = AJ7MW2XDAX;
				GENERATE_INFOPLIST_FILE = YES;
				IPHONEOS_DEPLOYMENT_TARGET = 16.0;
				MARKETING_VERSION = 1.0;
				PRODUCT_BUNDLE_IDENTIFIER = com.myself.practiseSwiftUI.PractiseSwiftUITests;
				PRODUCT_NAME = "$(TARGET_NAME)";
				SWIFT_EMIT_LOC_STRINGS = NO;
				SWIFT_VERSION = 5.0;
				TARGETED_DEVICE_FAMILY = "1,2";
				TEST_HOST = "$(BUILT_PRODUCTS_DIR)/PractiseSwiftUI.app/$(BUNDLE_EXECUTABLE_FOLDER_PATH)/PractiseSwiftUI";
			};
			name = Debug;
		};
		EF6855162907CB57004E0FBF /* Release */ = {
			isa = XCBuildConfiguration;
			baseConfigurationReference = ED313087432E80A35D1E90DB /* Pods-PractiseSwiftUITests.release.xcconfig */;
			buildSettings = {
				ALWAYS_EMBED_SWIFT_STANDARD_LIBRARIES = YES;
				BUNDLE_LOADER = "$(TEST_HOST)";
				CODE_SIGN_STYLE = Automatic;
				CURRENT_PROJECT_VERSION = 1;
				DEVELOPMENT_TEAM = AJ7MW2XDAX;
				GENERATE_INFOPLIST_FILE = YES;
				IPHONEOS_DEPLOYMENT_TARGET = 16.0;
				MARKETING_VERSION = 1.0;
				PRODUCT_BUNDLE_IDENTIFIER = com.myself.practiseSwiftUI.PractiseSwiftUITests;
				PRODUCT_NAME = "$(TARGET_NAME)";
				SWIFT_EMIT_LOC_STRINGS = NO;
				SWIFT_VERSION = 5.0;
				TARGETED_DEVICE_FAMILY = "1,2";
				TEST_HOST = "$(BUILT_PRODUCTS_DIR)/PractiseSwiftUI.app/$(BUNDLE_EXECUTABLE_FOLDER_PATH)/PractiseSwiftUI";
			};
			name = Release;
		};
		EF6855182907CB57004E0FBF /* Debug */ = {
			isa = XCBuildConfiguration;
			baseConfigurationReference = 6DF00DB31269EFE4A274B048 /* Pods-PractiseSwiftUI-PractiseSwiftUIUITests.debug.xcconfig */;
			buildSettings = {
				ALWAYS_EMBED_SWIFT_STANDARD_LIBRARIES = YES;
				CODE_SIGN_STYLE = Automatic;
				CURRENT_PROJECT_VERSION = 1;
				DEVELOPMENT_TEAM = AJ7MW2XDAX;
				GENERATE_INFOPLIST_FILE = YES;
				MARKETING_VERSION = 1.0;
				PRODUCT_BUNDLE_IDENTIFIER = com.myself.practiseSwiftUI.PractiseSwiftUIUITests;
				PRODUCT_NAME = "$(TARGET_NAME)";
				SWIFT_EMIT_LOC_STRINGS = NO;
				SWIFT_VERSION = 5.0;
				TARGETED_DEVICE_FAMILY = "1,2";
				TEST_TARGET_NAME = PractiseSwiftUI;
			};
			name = Debug;
		};
		EF6855192907CB57004E0FBF /* Release */ = {
			isa = XCBuildConfiguration;
			baseConfigurationReference = 2AD30767F3BAF047293634FF /* Pods-PractiseSwiftUI-PractiseSwiftUIUITests.release.xcconfig */;
			buildSettings = {
				ALWAYS_EMBED_SWIFT_STANDARD_LIBRARIES = YES;
				CODE_SIGN_STYLE = Automatic;
				CURRENT_PROJECT_VERSION = 1;
				DEVELOPMENT_TEAM = AJ7MW2XDAX;
				GENERATE_INFOPLIST_FILE = YES;
				MARKETING_VERSION = 1.0;
				PRODUCT_BUNDLE_IDENTIFIER = com.myself.practiseSwiftUI.PractiseSwiftUIUITests;
				PRODUCT_NAME = "$(TARGET_NAME)";
				SWIFT_EMIT_LOC_STRINGS = NO;
				SWIFT_VERSION = 5.0;
				TARGETED_DEVICE_FAMILY = "1,2";
				TEST_TARGET_NAME = PractiseSwiftUI;
			};
			name = Release;
		};
/* End XCBuildConfiguration section */

/* Begin XCConfigurationList section */
		EF6854E82907CB56004E0FBF /* Build configuration list for PBXProject "PractiseSwiftUI" */ = {
			isa = XCConfigurationList;
			buildConfigurations = (
				EF68550F2907CB57004E0FBF /* Debug */,
				EF6855102907CB57004E0FBF /* Release */,
			);
			defaultConfigurationIsVisible = 0;
			defaultConfigurationName = Release;
		};
		EF6855112907CB57004E0FBF /* Build configuration list for PBXNativeTarget "PractiseSwiftUI" */ = {
			isa = XCConfigurationList;
			buildConfigurations = (
				EF6855122907CB57004E0FBF /* Debug */,
				EF6855132907CB57004E0FBF /* Release */,
			);
			defaultConfigurationIsVisible = 0;
			defaultConfigurationName = Release;
		};
		EF6855142907CB57004E0FBF /* Build configuration list for PBXNativeTarget "PractiseSwiftUITests" */ = {
			isa = XCConfigurationList;
			buildConfigurations = (
				EF6855152907CB57004E0FBF /* Debug */,
				EF6855162907CB57004E0FBF /* Release */,
			);
			defaultConfigurationIsVisible = 0;
			defaultConfigurationName = Release;
		};
		EF6855172907CB57004E0FBF /* Build configuration list for PBXNativeTarget "PractiseSwiftUIUITests" */ = {
			isa = XCConfigurationList;
			buildConfigurations = (
				EF6855182907CB57004E0FBF /* Debug */,
				EF6855192907CB57004E0FBF /* Release */,
			);
			defaultConfigurationIsVisible = 0;
			defaultConfigurationName = Release;
		};
/* End XCConfigurationList section */
	};
	rootObject = EF6854E52907CB56004E0FBF /* Project object */;
}
